// !$*UTF8*$!
{
	archiveVersion = 1;
	classes = {
	};
	objectVersion = 46;
	objects = {

/* Begin PBXBuildFile section */
		775F83FD437CBFAE67612986 /* Pods_GiftyUITests.framework in Frameworks */ = {isa = PBXBuildFile; fileRef = 373C8160F0EABC34750BBAAE /* Pods_GiftyUITests.framework */; };
		842CF645AC072AA97B0BD6E6 /* Pods_Gifty.framework in Frameworks */ = {isa = PBXBuildFile; fileRef = 66E0F7DFB3BDD26E6515B037 /* Pods_Gifty.framework */; };
		9395BA95A74AB8402D9BAFC8 /* Pods_GiftyTests.framework in Frameworks */ = {isa = PBXBuildFile; fileRef = 46C30F863C942B547F235266 /* Pods_GiftyTests.framework */; };
		B00B53E7201132AE00A2301F /* Theme.swift in Sources */ = {isa = PBXBuildFile; fileRef = B0C205761F22D2C200C3E7ED /* Theme.swift */; };
		B00B53E92011350400A2301F /* PersonEventModel.xcdatamodeld in Sources */ = {isa = PBXBuildFile; fileRef = B0CA63221F0D70EB00C1A2B1 /* PersonEventModel.xcdatamodeld */; };
		B00B53EA2011358800A2301F /* DateHandler.swift in Sources */ = {isa = PBXBuildFile; fileRef = B013B5771EFF233200107B64 /* DateHandler.swift */; };
		B00B53EE20113AF300A2301F /* TableSectionEvent.swift in Sources */ = {isa = PBXBuildFile; fileRef = B00B53EB20113A9D00A2301F /* TableSectionEvent.swift */; };
		B00FF3E8202CC777004CF10C /* GoogleAdService.swift in Sources */ = {isa = PBXBuildFile; fileRef = B00FF3E7202CC777004CF10C /* GoogleAdService.swift */; };
		B00FF3EA202CC787004CF10C /* InterstitialTimer.swift in Sources */ = {isa = PBXBuildFile; fileRef = B00FF3E9202CC787004CF10C /* InterstitialTimer.swift */; };
		B013B5741EFF21E300107B64 /* CustomCalendar.swift in Sources */ = {isa = PBXBuildFile; fileRef = B013B5731EFF21E300107B64 /* CustomCalendar.swift */; };
		B013B5761EFF221000107B64 /* CustomCalendarCell.swift in Sources */ = {isa = PBXBuildFile; fileRef = B013B5751EFF221000107B64 /* CustomCalendarCell.swift */; };
		B013B57A1EFF23AB00107B64 /* ScheduledTimer.swift in Sources */ = {isa = PBXBuildFile; fileRef = B013B5791EFF23AB00107B64 /* ScheduledTimer.swift */; };
		B013B5C71F035F6D00107B64 /* CreatePersonViewController.swift in Sources */ = {isa = PBXBuildFile; fileRef = B013B5C61F035F6D00107B64 /* CreatePersonViewController.swift */; };
		B013B5C91F041DD700107B64 /* PersonTFTableView.swift in Sources */ = {isa = PBXBuildFile; fileRef = B013B5C81F041DD700107B64 /* PersonTFTableView.swift */; };
		B013B5CB1F0428A300107B64 /* TextFieldCell.swift in Sources */ = {isa = PBXBuildFile; fileRef = B013B5CA1F0428A300107B64 /* TextFieldCell.swift */; };
		B013B5CD1F04497400107B64 /* DropDownTextField.swift in Sources */ = {isa = PBXBuildFile; fileRef = B013B5CC1F04497400107B64 /* DropDownTextField.swift */; };
		B019FC3C1F05AD6B00805687 /* Contacts.framework in Frameworks */ = {isa = PBXBuildFile; fileRef = B019FC3B1F05AD6B00805687 /* Contacts.framework */; };
		B019FC3E1F05AD8300805687 /* ContactsUI.framework in Frameworks */ = {isa = PBXBuildFile; fileRef = B019FC3D1F05AD8300805687 /* ContactsUI.framework */; };
		B0275CFD1F1018DE004F77E6 /* SearchHeaderView.swift in Sources */ = {isa = PBXBuildFile; fileRef = B0275CFC1F1018DE004F77E6 /* SearchHeaderView.swift */; };
		B027E5581F2C123800EC273A /* EventDisplayViewCalendar.swift in Sources */ = {isa = PBXBuildFile; fileRef = B027E5571F2C123800EC273A /* EventDisplayViewCalendar.swift */; };
		B02866781F143590003F5E22 /* EventTableViewCell.swift in Sources */ = {isa = PBXBuildFile; fileRef = B02866771F143590003F5E22 /* EventTableViewCell.swift */; };
		B02CCCA61F1C0DF6008CCA58 /* ActionsButtonsView.swift in Sources */ = {isa = PBXBuildFile; fileRef = B02CCCA51F1C0DF6008CCA58 /* ActionsButtonsView.swift */; };
		B03B653E20363BF50045F95A /* GiftyBridge.framework in Frameworks */ = {isa = PBXBuildFile; fileRef = B0DBFB7C201127F6009442F4 /* GiftyBridge.framework */; };
		B041F7671EF899F500A3E332 /* AppDelegate.swift in Sources */ = {isa = PBXBuildFile; fileRef = B041F7661EF899F500A3E332 /* AppDelegate.swift */; };
		B041F76E1EF899F500A3E332 /* PersonAssets.xcassets in Resources */ = {isa = PBXBuildFile; fileRef = B041F76D1EF899F500A3E332 /* PersonAssets.xcassets */; };
		B041F7711EF899F500A3E332 /* LaunchScreen.storyboard in Resources */ = {isa = PBXBuildFile; fileRef = B041F76F1EF899F500A3E332 /* LaunchScreen.storyboard */; };
		B041F77C1EF899F500A3E332 /* GiftyTests.swift in Sources */ = {isa = PBXBuildFile; fileRef = B041F77B1EF899F500A3E332 /* GiftyTests.swift */; };
		B041F7871EF899F500A3E332 /* GiftyUITests.swift in Sources */ = {isa = PBXBuildFile; fileRef = B041F7861EF899F500A3E332 /* GiftyUITests.swift */; };
		B041F7981EF89B3D00A3E332 /* CalendarViewController.swift in Sources */ = {isa = PBXBuildFile; fileRef = B041F7971EF89B3D00A3E332 /* CalendarViewController.swift */; };
		B041F79A1EF89B4900A3E332 /* PeopleViewController.swift in Sources */ = {isa = PBXBuildFile; fileRef = B041F7991EF89B4900A3E332 /* PeopleViewController.swift */; };
		B041F79C1EF89B5800A3E332 /* SettingsViewController.swift in Sources */ = {isa = PBXBuildFile; fileRef = B041F79B1EF89B5800A3E332 /* SettingsViewController.swift */; };
		B041F7A31EF8A74A00A3E332 /* Helpers.swift in Sources */ = {isa = PBXBuildFile; fileRef = B041F7A21EF8A74A00A3E332 /* Helpers.swift */; };
		B06D5B211FE5EF6100C096C9 /* ReturnContainerView.swift in Sources */ = {isa = PBXBuildFile; fileRef = B06D5B201FE5EF6100C096C9 /* ReturnContainerView.swift */; };
		B07042041F06B7B400D6A027 /* ButtonTemplate.swift in Sources */ = {isa = PBXBuildFile; fileRef = B07042031F06B7B400D6A027 /* ButtonTemplate.swift */; };
		B07042061F06CC6200D6A027 /* CustomImageControl.swift in Sources */ = {isa = PBXBuildFile; fileRef = B07042051F06CC6200D6A027 /* CustomImageControl.swift */; };
		B07042081F06DAE000D6A027 /* EventTableView.swift in Sources */ = {isa = PBXBuildFile; fileRef = B07042071F06DAE000D6A027 /* EventTableView.swift */; };
		B070420A1F09A2DC00D6A027 /* CreateEventViewController.swift in Sources */ = {isa = PBXBuildFile; fileRef = B07042091F09A2DC00D6A027 /* CreateEventViewController.swift */; };
		B070420C1F0D50DE00D6A027 /* AddDateView.swift in Sources */ = {isa = PBXBuildFile; fileRef = B070420B1F0D50DE00D6A027 /* AddDateView.swift */; };
		B070420E1F0D5ED000D6A027 /* AutoCompletePerson.swift in Sources */ = {isa = PBXBuildFile; fileRef = B070420D1F0D5ED000D6A027 /* AutoCompletePerson.swift */; };
		B076AF1F202D1D6D00B54CDF /* InterstitialService.swift in Sources */ = {isa = PBXBuildFile; fileRef = B076AF1E202D1D6D00B54CDF /* InterstitialService.swift */; };
		B07A55E11F677CFE004BD772 /* ViewControllerAnimatedTransitioning.swift in Sources */ = {isa = PBXBuildFile; fileRef = B07A55E01F677CFE004BD772 /* ViewControllerAnimatedTransitioning.swift */; };
		B07A55E31F677D5A004BD772 /* PresentationController.swift in Sources */ = {isa = PBXBuildFile; fileRef = B07A55E21F677D5A004BD772 /* PresentationController.swift */; };
		B07A55E51F677DE4004BD772 /* OverlayEventBudgetViewController.swift in Sources */ = {isa = PBXBuildFile; fileRef = B07A55E41F677DE4004BD772 /* OverlayEventBudgetViewController.swift */; };
		B07D34E61FF9C0A700626C36 /* AutoCompleteTextField.swift in Sources */ = {isa = PBXBuildFile; fileRef = B07D34E51FF9C0A700626C36 /* AutoCompleteTextField.swift */; };
		B08695AB1FDA2D6F00080855 /* PieChartCell.swift in Sources */ = {isa = PBXBuildFile; fileRef = B08695AA1FDA2D6F00080855 /* PieChartCell.swift */; };
		B088330A1FE48E110085BBD9 /* SettingCellType.swift in Sources */ = {isa = PBXBuildFile; fileRef = B08833091FE48E110085BBD9 /* SettingCellType.swift */; };
		B088330C1FE495770085BBD9 /* SegueSettingsTableViewCell.swift in Sources */ = {isa = PBXBuildFile; fileRef = B088330B1FE495770085BBD9 /* SegueSettingsTableViewCell.swift */; };
		B088330E1FE4B4000085BBD9 /* TextfieldSettingsTableViewCell.swift in Sources */ = {isa = PBXBuildFile; fileRef = B088330D1FE4B4000085BBD9 /* TextfieldSettingsTableViewCell.swift */; };
		B08AD7241FDCB89100537A42 /* PieChartService.swift in Sources */ = {isa = PBXBuildFile; fileRef = B08AD7231FDCB89100537A42 /* PieChartService.swift */; };
		B09ECEB81FDF5F65009B15B9 /* CustomTableViewController.swift in Sources */ = {isa = PBXBuildFile; fileRef = B09ECEB71FDF5F65009B15B9 /* CustomTableViewController.swift */; };
		B0A0CB871FDDF9600000CE03 /* ChartReportCell.swift in Sources */ = {isa = PBXBuildFile; fileRef = B0A0CB861FDDF9600000CE03 /* ChartReportCell.swift */; };
		B0AFD7921FBA302D002F89FF /* Main.storyboard in Resources */ = {isa = PBXBuildFile; fileRef = B0AFD7911FBA302D002F89FF /* Main.storyboard */; };
		B0AFD7D11FBA5E7A002F89FF /* SettingsHandler.swift in Sources */ = {isa = PBXBuildFile; fileRef = B0AFD7D01FBA5E7A002F89FF /* SettingsHandler.swift */; };
		B0C205771F22D2C200C3E7ED /* Theme.swift in Sources */ = {isa = PBXBuildFile; fileRef = B0C205761F22D2C200C3E7ED /* Theme.swift */; };
		B0C250F420018EE400E741DA /* DispatchQueueHandler.swift in Sources */ = {isa = PBXBuildFile; fileRef = B0C250F320018EE400E741DA /* DispatchQueueHandler.swift */; };
		B0CA63211F0D69C500C1A2B1 /* BudgetView.swift in Sources */ = {isa = PBXBuildFile; fileRef = B0CA63201F0D69C500C1A2B1 /* BudgetView.swift */; };
		B0CA63261F0D737300C1A2B1 /* ManagedObjectBuilder.swift in Sources */ = {isa = PBXBuildFile; fileRef = B0CA63251F0D737300C1A2B1 /* ManagedObjectBuilder.swift */; };
		B0CA63281F0D7D3200C1A2B1 /* UIImage + Scale.swift in Sources */ = {isa = PBXBuildFile; fileRef = B0CA63271F0D7D3200C1A2B1 /* UIImage + Scale.swift */; };
		B0CA632C1F0D844800C1A2B1 /* PersonFRC.swift in Sources */ = {isa = PBXBuildFile; fileRef = B0CA632B1F0D844800C1A2B1 /* PersonFRC.swift */; };
		B0CA63321F0EAEEA00C1A2B1 /* PersonCell.swift in Sources */ = {isa = PBXBuildFile; fileRef = B0CA63311F0EAEEA00C1A2B1 /* PersonCell.swift */; };
		B0CA63341F0ECEDC00C1A2B1 /* CircleView.swift in Sources */ = {isa = PBXBuildFile; fileRef = B0CA63331F0ECEDC00C1A2B1 /* CircleView.swift */; };
		B0CEC1F11FE9D63100BF7099 /* ScrollSettingsTableViewCell.swift in Sources */ = {isa = PBXBuildFile; fileRef = B0CEC1F01FE9D63100BF7099 /* ScrollSettingsTableViewCell.swift */; };
		B0D515041F378751008A88A4 /* MainAssets.xcassets in Resources */ = {isa = PBXBuildFile; fileRef = B0D515031F378751008A88A4 /* MainAssets.xcassets */; };
		B0D515061F37883A008A88A4 /* CalendarAssets.xcassets in Resources */ = {isa = PBXBuildFile; fileRef = B0D515051F37883A008A88A4 /* CalendarAssets.xcassets */; };
		B0DA44151F17E7B7000E78F2 /* DatePickerViewController.swift in Sources */ = {isa = PBXBuildFile; fileRef = B0DA44141F17E7B7000E78F2 /* DatePickerViewController.swift */; };
		B0DBFB80201127F6009442F4 /* GiftyBridge.h in Headers */ = {isa = PBXBuildFile; fileRef = B0DBFB7E201127F6009442F4 /* GiftyBridge.h */; settings = {ATTRIBUTES = (Public, ); }; };
		B0DBFB83201127F6009442F4 /* GiftyBridge.framework in Frameworks */ = {isa = PBXBuildFile; fileRef = B0DBFB7C201127F6009442F4 /* GiftyBridge.framework */; };
		B0DBFB84201127F6009442F4 /* GiftyBridge.framework in Embed Frameworks */ = {isa = PBXBuildFile; fileRef = B0DBFB7C201127F6009442F4 /* GiftyBridge.framework */; settings = {ATTRIBUTES = (CodeSignOnCopy, RemoveHeadersOnCopy, ); }; };
		B0DBFB8C201128A6009442F4 /* CoreDataStorage.swift in Sources */ = {isa = PBXBuildFile; fileRef = B0DBFB8A2011284C009442F4 /* CoreDataStorage.swift */; };
		B0E38D29201166A000542217 /* TodayEventTableViewCell.swift in Sources */ = {isa = PBXBuildFile; fileRef = B0E38D28201166A000542217 /* TodayEventTableViewCell.swift */; };
		B0E38D2B2011682000542217 /* Media.xcassets in Resources */ = {isa = PBXBuildFile; fileRef = B0E38D2A2011682000542217 /* Media.xcassets */; };
		B0E38D2D20116A2400542217 /* Helpers.swift in Sources */ = {isa = PBXBuildFile; fileRef = B0E38D2C20116A2400542217 /* Helpers.swift */; };
		B0E58B4E1F36375500A88123 /* EventDisplayViewCreatePerson.swift in Sources */ = {isa = PBXBuildFile; fileRef = B0E58B4D1F36375500A88123 /* EventDisplayViewCreatePerson.swift */; };
		B0E8B89F1EF8E26700D1B5DC /* CustomViewController.swift in Sources */ = {isa = PBXBuildFile; fileRef = B0E8B89E1EF8E26700D1B5DC /* CustomViewController.swift */; };
		B0F0046020054BC900D9B6D0 /* NotificationCenter.framework in Frameworks */ = {isa = PBXBuildFile; fileRef = B0F0045F20054BC900D9B6D0 /* NotificationCenter.framework */; };
		B0F0046320054BC900D9B6D0 /* TodayViewController.swift in Sources */ = {isa = PBXBuildFile; fileRef = B0F0046220054BC900D9B6D0 /* TodayViewController.swift */; };
		B0F0046620054BC900D9B6D0 /* MainInterface.storyboard in Resources */ = {isa = PBXBuildFile; fileRef = B0F0046420054BC900D9B6D0 /* MainInterface.storyboard */; };
		B0F0046A20054BC900D9B6D0 /* GiftyTodayExtension.appex in Embed App Extensions */ = {isa = PBXBuildFile; fileRef = B0F0045E20054BC900D9B6D0 /* GiftyTodayExtension.appex */; settings = {ATTRIBUTES = (RemoveHeadersOnCopy, ); }; };
		B0F4048B20361C9700112E6D /* DataPersistenceService.swift in Sources */ = {isa = PBXBuildFile; fileRef = B0F4048A20361C9700112E6D /* DataPersistenceService.swift */; };
		B0F4048C203624F000112E6D /* EventFRC.swift in Sources */ = {isa = PBXBuildFile; fileRef = B044D1FB1F2CE9B600214CE5 /* EventFRC.swift */; };
		B0F90BA51F6F2D5900EF3DE4 /* CurrencyHandler.swift in Sources */ = {isa = PBXBuildFile; fileRef = B0F90BA41F6F2D5900EF3DE4 /* CurrencyHandler.swift */; };
		B0FAB87E1F620699008EA9A1 /* EventDisplayHeader.swift in Sources */ = {isa = PBXBuildFile; fileRef = B0FAB87D1F620699008EA9A1 /* EventDisplayHeader.swift */; };
/* End PBXBuildFile section */

/* Begin PBXContainerItemProxy section */
		B041F7781EF899F500A3E332 /* PBXContainerItemProxy */ = {
			isa = PBXContainerItemProxy;
			containerPortal = B041F75B1EF899F500A3E332 /* Project object */;
			proxyType = 1;
			remoteGlobalIDString = B041F7621EF899F500A3E332;
			remoteInfo = Gifty;
		};
		B041F7831EF899F500A3E332 /* PBXContainerItemProxy */ = {
			isa = PBXContainerItemProxy;
			containerPortal = B041F75B1EF899F500A3E332 /* Project object */;
			proxyType = 1;
			remoteGlobalIDString = B041F7621EF899F500A3E332;
			remoteInfo = Gifty;
		};
		B0DBFB81201127F6009442F4 /* PBXContainerItemProxy */ = {
			isa = PBXContainerItemProxy;
			containerPortal = B041F75B1EF899F500A3E332 /* Project object */;
			proxyType = 1;
			remoteGlobalIDString = B0DBFB7B201127F6009442F4;
			remoteInfo = GiftyBridge;
		};
		B0F0046820054BC900D9B6D0 /* PBXContainerItemProxy */ = {
			isa = PBXContainerItemProxy;
			containerPortal = B041F75B1EF899F500A3E332 /* Project object */;
			proxyType = 1;
			remoteGlobalIDString = B0F0045D20054BC900D9B6D0;
			remoteInfo = GiftyTodayExtension;
		};
/* End PBXContainerItemProxy section */

/* Begin PBXCopyFilesBuildPhase section */
		B0DBFB88201127F6009442F4 /* Embed Frameworks */ = {
			isa = PBXCopyFilesBuildPhase;
			buildActionMask = 2147483647;
			dstPath = "";
			dstSubfolderSpec = 10;
			files = (
				B0DBFB84201127F6009442F4 /* GiftyBridge.framework in Embed Frameworks */,
			);
			name = "Embed Frameworks";
			runOnlyForDeploymentPostprocessing = 0;
		};
		B0F0046E20054BC900D9B6D0 /* Embed App Extensions */ = {
			isa = PBXCopyFilesBuildPhase;
			buildActionMask = 2147483647;
			dstPath = "";
			dstSubfolderSpec = 13;
			files = (
				B0F0046A20054BC900D9B6D0 /* GiftyTodayExtension.appex in Embed App Extensions */,
			);
			name = "Embed App Extensions";
			runOnlyForDeploymentPostprocessing = 0;
		};
/* End PBXCopyFilesBuildPhase section */

/* Begin PBXFileReference section */
		168833BE887AA8C64532C8D8 /* Pods-Gifty.release.xcconfig */ = {isa = PBXFileReference; includeInIndex = 1; lastKnownFileType = text.xcconfig; name = "Pods-Gifty.release.xcconfig"; path = "Pods/Target Support Files/Pods-Gifty/Pods-Gifty.release.xcconfig"; sourceTree = "<group>"; };
		2E770403E869EB3F8A5DE760 /* Pods-GiftyUITests.debug.xcconfig */ = {isa = PBXFileReference; includeInIndex = 1; lastKnownFileType = text.xcconfig; name = "Pods-GiftyUITests.debug.xcconfig"; path = "Pods/Target Support Files/Pods-GiftyUITests/Pods-GiftyUITests.debug.xcconfig"; sourceTree = "<group>"; };
		373C8160F0EABC34750BBAAE /* Pods_GiftyUITests.framework */ = {isa = PBXFileReference; explicitFileType = wrapper.framework; includeInIndex = 0; path = Pods_GiftyUITests.framework; sourceTree = BUILT_PRODUCTS_DIR; };
		386FB104C6CB606AE6CC98AA /* Pods-GiftyUITests.release.xcconfig */ = {isa = PBXFileReference; includeInIndex = 1; lastKnownFileType = text.xcconfig; name = "Pods-GiftyUITests.release.xcconfig"; path = "Pods/Target Support Files/Pods-GiftyUITests/Pods-GiftyUITests.release.xcconfig"; sourceTree = "<group>"; };
		46C30F863C942B547F235266 /* Pods_GiftyTests.framework */ = {isa = PBXFileReference; explicitFileType = wrapper.framework; includeInIndex = 0; path = Pods_GiftyTests.framework; sourceTree = BUILT_PRODUCTS_DIR; };
		66E0F7DFB3BDD26E6515B037 /* Pods_Gifty.framework */ = {isa = PBXFileReference; explicitFileType = wrapper.framework; includeInIndex = 0; path = Pods_Gifty.framework; sourceTree = BUILT_PRODUCTS_DIR; };
		840BF037763567376C3007C0 /* Pods-GiftyTests.debug.xcconfig */ = {isa = PBXFileReference; includeInIndex = 1; lastKnownFileType = text.xcconfig; name = "Pods-GiftyTests.debug.xcconfig"; path = "Pods/Target Support Files/Pods-GiftyTests/Pods-GiftyTests.debug.xcconfig"; sourceTree = "<group>"; };
		B00B53E520112E8000A2301F /* Gifty.entitlements */ = {isa = PBXFileReference; lastKnownFileType = text.plist.entitlements; path = Gifty.entitlements; sourceTree = "<group>"; };
		B00B53E620112FA500A2301F /* GiftyTodayExtension.entitlements */ = {isa = PBXFileReference; lastKnownFileType = text.plist.entitlements; path = GiftyTodayExtension.entitlements; sourceTree = "<group>"; };
		B00B53EB20113A9D00A2301F /* TableSectionEvent.swift */ = {isa = PBXFileReference; lastKnownFileType = sourcecode.swift; path = TableSectionEvent.swift; sourceTree = "<group>"; };
		B00FF3E7202CC777004CF10C /* GoogleAdService.swift */ = {isa = PBXFileReference; fileEncoding = 4; lastKnownFileType = sourcecode.swift; path = GoogleAdService.swift; sourceTree = "<group>"; };
		B00FF3E9202CC787004CF10C /* InterstitialTimer.swift */ = {isa = PBXFileReference; fileEncoding = 4; lastKnownFileType = sourcecode.swift; path = InterstitialTimer.swift; sourceTree = "<group>"; };
		B013B5731EFF21E300107B64 /* CustomCalendar.swift */ = {isa = PBXFileReference; fileEncoding = 4; lastKnownFileType = sourcecode.swift; path = CustomCalendar.swift; sourceTree = "<group>"; };
		B013B5751EFF221000107B64 /* CustomCalendarCell.swift */ = {isa = PBXFileReference; fileEncoding = 4; lastKnownFileType = sourcecode.swift; path = CustomCalendarCell.swift; sourceTree = "<group>"; };
		B013B5771EFF233200107B64 /* DateHandler.swift */ = {isa = PBXFileReference; fileEncoding = 4; lastKnownFileType = sourcecode.swift; path = DateHandler.swift; sourceTree = "<group>"; };
		B013B5791EFF23AB00107B64 /* ScheduledTimer.swift */ = {isa = PBXFileReference; fileEncoding = 4; lastKnownFileType = sourcecode.swift; path = ScheduledTimer.swift; sourceTree = "<group>"; };
		B013B5C61F035F6D00107B64 /* CreatePersonViewController.swift */ = {isa = PBXFileReference; fileEncoding = 4; lastKnownFileType = sourcecode.swift; path = CreatePersonViewController.swift; sourceTree = "<group>"; };
		B013B5C81F041DD700107B64 /* PersonTFTableView.swift */ = {isa = PBXFileReference; fileEncoding = 4; lastKnownFileType = sourcecode.swift; path = PersonTFTableView.swift; sourceTree = "<group>"; };
		B013B5CA1F0428A300107B64 /* TextFieldCell.swift */ = {isa = PBXFileReference; fileEncoding = 4; lastKnownFileType = sourcecode.swift; path = TextFieldCell.swift; sourceTree = "<group>"; };
		B013B5CC1F04497400107B64 /* DropDownTextField.swift */ = {isa = PBXFileReference; fileEncoding = 4; lastKnownFileType = sourcecode.swift; path = DropDownTextField.swift; sourceTree = "<group>"; };
		B019FC3B1F05AD6B00805687 /* Contacts.framework */ = {isa = PBXFileReference; lastKnownFileType = wrapper.framework; name = Contacts.framework; path = System/Library/Frameworks/Contacts.framework; sourceTree = SDKROOT; };
		B019FC3D1F05AD8300805687 /* ContactsUI.framework */ = {isa = PBXFileReference; lastKnownFileType = wrapper.framework; name = ContactsUI.framework; path = System/Library/Frameworks/ContactsUI.framework; sourceTree = SDKROOT; };
		B0275CFC1F1018DE004F77E6 /* SearchHeaderView.swift */ = {isa = PBXFileReference; fileEncoding = 4; lastKnownFileType = sourcecode.swift; path = SearchHeaderView.swift; sourceTree = "<group>"; };
		B027E5571F2C123800EC273A /* EventDisplayViewCalendar.swift */ = {isa = PBXFileReference; fileEncoding = 4; lastKnownFileType = sourcecode.swift; path = EventDisplayViewCalendar.swift; sourceTree = "<group>"; };
		B02866771F143590003F5E22 /* EventTableViewCell.swift */ = {isa = PBXFileReference; fileEncoding = 4; lastKnownFileType = sourcecode.swift; path = EventTableViewCell.swift; sourceTree = "<group>"; };
		B02CCCA51F1C0DF6008CCA58 /* ActionsButtonsView.swift */ = {isa = PBXFileReference; fileEncoding = 4; lastKnownFileType = sourcecode.swift; path = ActionsButtonsView.swift; sourceTree = "<group>"; };
		B03B653F20363D250045F95A /* BridgingHeader.h */ = {isa = PBXFileReference; lastKnownFileType = sourcecode.c.h; path = BridgingHeader.h; sourceTree = "<group>"; };
		B041F7631EF899F500A3E332 /* Gifty.app */ = {isa = PBXFileReference; explicitFileType = wrapper.application; includeInIndex = 0; path = Gifty.app; sourceTree = BUILT_PRODUCTS_DIR; };
		B041F7661EF899F500A3E332 /* AppDelegate.swift */ = {isa = PBXFileReference; lastKnownFileType = sourcecode.swift; path = AppDelegate.swift; sourceTree = "<group>"; };
		B041F76D1EF899F500A3E332 /* PersonAssets.xcassets */ = {isa = PBXFileReference; lastKnownFileType = folder.assetcatalog; path = PersonAssets.xcassets; sourceTree = "<group>"; };
		B041F7701EF899F500A3E332 /* Base */ = {isa = PBXFileReference; lastKnownFileType = file.storyboard; name = Base; path = Base.lproj/LaunchScreen.storyboard; sourceTree = "<group>"; };
		B041F7721EF899F500A3E332 /* Info.plist */ = {isa = PBXFileReference; lastKnownFileType = text.plist.xml; path = Info.plist; sourceTree = "<group>"; };
		B041F7771EF899F500A3E332 /* GiftyTests.xctest */ = {isa = PBXFileReference; explicitFileType = wrapper.cfbundle; includeInIndex = 0; path = GiftyTests.xctest; sourceTree = BUILT_PRODUCTS_DIR; };
		B041F77B1EF899F500A3E332 /* GiftyTests.swift */ = {isa = PBXFileReference; lastKnownFileType = sourcecode.swift; path = GiftyTests.swift; sourceTree = "<group>"; };
		B041F77D1EF899F500A3E332 /* Info.plist */ = {isa = PBXFileReference; lastKnownFileType = text.plist.xml; path = Info.plist; sourceTree = "<group>"; };
		B041F7821EF899F500A3E332 /* GiftyUITests.xctest */ = {isa = PBXFileReference; explicitFileType = wrapper.cfbundle; includeInIndex = 0; path = GiftyUITests.xctest; sourceTree = BUILT_PRODUCTS_DIR; };
		B041F7861EF899F500A3E332 /* GiftyUITests.swift */ = {isa = PBXFileReference; lastKnownFileType = sourcecode.swift; path = GiftyUITests.swift; sourceTree = "<group>"; };
		B041F7881EF899F500A3E332 /* Info.plist */ = {isa = PBXFileReference; lastKnownFileType = text.plist.xml; path = Info.plist; sourceTree = "<group>"; };
		B041F7971EF89B3D00A3E332 /* CalendarViewController.swift */ = {isa = PBXFileReference; fileEncoding = 4; lastKnownFileType = sourcecode.swift; path = CalendarViewController.swift; sourceTree = "<group>"; };
		B041F7991EF89B4900A3E332 /* PeopleViewController.swift */ = {isa = PBXFileReference; fileEncoding = 4; lastKnownFileType = sourcecode.swift; path = PeopleViewController.swift; sourceTree = "<group>"; };
		B041F79B1EF89B5800A3E332 /* SettingsViewController.swift */ = {isa = PBXFileReference; fileEncoding = 4; lastKnownFileType = sourcecode.swift; path = SettingsViewController.swift; sourceTree = "<group>"; };
		B041F7A21EF8A74A00A3E332 /* Helpers.swift */ = {isa = PBXFileReference; fileEncoding = 4; lastKnownFileType = sourcecode.swift; path = Helpers.swift; sourceTree = "<group>"; };
		B044D1FB1F2CE9B600214CE5 /* EventFRC.swift */ = {isa = PBXFileReference; fileEncoding = 4; lastKnownFileType = sourcecode.swift; path = EventFRC.swift; sourceTree = "<group>"; };
		B06D5B201FE5EF6100C096C9 /* ReturnContainerView.swift */ = {isa = PBXFileReference; lastKnownFileType = sourcecode.swift; path = ReturnContainerView.swift; sourceTree = "<group>"; };
		B07042031F06B7B400D6A027 /* ButtonTemplate.swift */ = {isa = PBXFileReference; fileEncoding = 4; lastKnownFileType = sourcecode.swift; path = ButtonTemplate.swift; sourceTree = "<group>"; };
		B07042051F06CC6200D6A027 /* CustomImageControl.swift */ = {isa = PBXFileReference; fileEncoding = 4; lastKnownFileType = sourcecode.swift; path = CustomImageControl.swift; sourceTree = "<group>"; };
		B07042071F06DAE000D6A027 /* EventTableView.swift */ = {isa = PBXFileReference; fileEncoding = 4; lastKnownFileType = sourcecode.swift; path = EventTableView.swift; sourceTree = "<group>"; };
		B07042091F09A2DC00D6A027 /* CreateEventViewController.swift */ = {isa = PBXFileReference; fileEncoding = 4; lastKnownFileType = sourcecode.swift; path = CreateEventViewController.swift; sourceTree = "<group>"; };
		B070420B1F0D50DE00D6A027 /* AddDateView.swift */ = {isa = PBXFileReference; fileEncoding = 4; lastKnownFileType = sourcecode.swift; path = AddDateView.swift; sourceTree = "<group>"; };
		B070420D1F0D5ED000D6A027 /* AutoCompletePerson.swift */ = {isa = PBXFileReference; fileEncoding = 4; lastKnownFileType = sourcecode.swift; path = AutoCompletePerson.swift; sourceTree = "<group>"; };
		B076AF1E202D1D6D00B54CDF /* InterstitialService.swift */ = {isa = PBXFileReference; lastKnownFileType = sourcecode.swift; path = InterstitialService.swift; sourceTree = "<group>"; };
		B07A55E01F677CFE004BD772 /* ViewControllerAnimatedTransitioning.swift */ = {isa = PBXFileReference; fileEncoding = 4; lastKnownFileType = sourcecode.swift; path = ViewControllerAnimatedTransitioning.swift; sourceTree = "<group>"; };
		B07A55E21F677D5A004BD772 /* PresentationController.swift */ = {isa = PBXFileReference; fileEncoding = 4; lastKnownFileType = sourcecode.swift; path = PresentationController.swift; sourceTree = "<group>"; };
		B07A55E41F677DE4004BD772 /* OverlayEventBudgetViewController.swift */ = {isa = PBXFileReference; fileEncoding = 4; lastKnownFileType = sourcecode.swift; path = OverlayEventBudgetViewController.swift; sourceTree = "<group>"; };
		B07D34E51FF9C0A700626C36 /* AutoCompleteTextField.swift */ = {isa = PBXFileReference; fileEncoding = 4; lastKnownFileType = sourcecode.swift; path = AutoCompleteTextField.swift; sourceTree = "<group>"; };
		B08695AA1FDA2D6F00080855 /* PieChartCell.swift */ = {isa = PBXFileReference; lastKnownFileType = sourcecode.swift; path = PieChartCell.swift; sourceTree = "<group>"; };
		B08833091FE48E110085BBD9 /* SettingCellType.swift */ = {isa = PBXFileReference; lastKnownFileType = sourcecode.swift; path = SettingCellType.swift; sourceTree = "<group>"; };
		B088330B1FE495770085BBD9 /* SegueSettingsTableViewCell.swift */ = {isa = PBXFileReference; lastKnownFileType = sourcecode.swift; path = SegueSettingsTableViewCell.swift; sourceTree = "<group>"; };
		B088330D1FE4B4000085BBD9 /* TextfieldSettingsTableViewCell.swift */ = {isa = PBXFileReference; lastKnownFileType = sourcecode.swift; path = TextfieldSettingsTableViewCell.swift; sourceTree = "<group>"; };
		B08AD7231FDCB89100537A42 /* PieChartService.swift */ = {isa = PBXFileReference; lastKnownFileType = sourcecode.swift; path = PieChartService.swift; sourceTree = "<group>"; };
		B09ECEB71FDF5F65009B15B9 /* CustomTableViewController.swift */ = {isa = PBXFileReference; lastKnownFileType = sourcecode.swift; path = CustomTableViewController.swift; sourceTree = "<group>"; };
		B0A0CB861FDDF9600000CE03 /* ChartReportCell.swift */ = {isa = PBXFileReference; lastKnownFileType = sourcecode.swift; path = ChartReportCell.swift; sourceTree = "<group>"; };
		B0AFD7911FBA302D002F89FF /* Main.storyboard */ = {isa = PBXFileReference; lastKnownFileType = file.storyboard; path = Main.storyboard; sourceTree = "<group>"; };
		B0AFD7D01FBA5E7A002F89FF /* SettingsHandler.swift */ = {isa = PBXFileReference; lastKnownFileType = sourcecode.swift; path = SettingsHandler.swift; sourceTree = "<group>"; };
		B0C205761F22D2C200C3E7ED /* Theme.swift */ = {isa = PBXFileReference; fileEncoding = 4; lastKnownFileType = sourcecode.swift; path = Theme.swift; sourceTree = "<group>"; };
		B0C250F320018EE400E741DA /* DispatchQueueHandler.swift */ = {isa = PBXFileReference; lastKnownFileType = sourcecode.swift; path = DispatchQueueHandler.swift; sourceTree = "<group>"; };
		B0CA63201F0D69C500C1A2B1 /* BudgetView.swift */ = {isa = PBXFileReference; fileEncoding = 4; lastKnownFileType = sourcecode.swift; path = BudgetView.swift; sourceTree = "<group>"; };
		B0CA63231F0D70EB00C1A2B1 /* PersonEventModel.xcdatamodel */ = {isa = PBXFileReference; lastKnownFileType = wrapper.xcdatamodel; path = PersonEventModel.xcdatamodel; sourceTree = "<group>"; };
		B0CA63251F0D737300C1A2B1 /* ManagedObjectBuilder.swift */ = {isa = PBXFileReference; fileEncoding = 4; lastKnownFileType = sourcecode.swift; path = ManagedObjectBuilder.swift; sourceTree = "<group>"; };
		B0CA63271F0D7D3200C1A2B1 /* UIImage + Scale.swift */ = {isa = PBXFileReference; fileEncoding = 4; lastKnownFileType = sourcecode.swift; path = "UIImage + Scale.swift"; sourceTree = "<group>"; };
		B0CA632B1F0D844800C1A2B1 /* PersonFRC.swift */ = {isa = PBXFileReference; fileEncoding = 4; lastKnownFileType = sourcecode.swift; path = PersonFRC.swift; sourceTree = "<group>"; };
		B0CA63311F0EAEEA00C1A2B1 /* PersonCell.swift */ = {isa = PBXFileReference; fileEncoding = 4; lastKnownFileType = sourcecode.swift; path = PersonCell.swift; sourceTree = "<group>"; };
		B0CA63331F0ECEDC00C1A2B1 /* CircleView.swift */ = {isa = PBXFileReference; fileEncoding = 4; lastKnownFileType = sourcecode.swift; path = CircleView.swift; sourceTree = "<group>"; };
		B0CEC1F01FE9D63100BF7099 /* ScrollSettingsTableViewCell.swift */ = {isa = PBXFileReference; lastKnownFileType = sourcecode.swift; path = ScrollSettingsTableViewCell.swift; sourceTree = "<group>"; };
		B0D515031F378751008A88A4 /* MainAssets.xcassets */ = {isa = PBXFileReference; lastKnownFileType = folder.assetcatalog; path = MainAssets.xcassets; sourceTree = "<group>"; };
		B0D515051F37883A008A88A4 /* CalendarAssets.xcassets */ = {isa = PBXFileReference; lastKnownFileType = folder.assetcatalog; path = CalendarAssets.xcassets; sourceTree = "<group>"; };
		B0DA44141F17E7B7000E78F2 /* DatePickerViewController.swift */ = {isa = PBXFileReference; fileEncoding = 4; lastKnownFileType = sourcecode.swift; path = DatePickerViewController.swift; sourceTree = "<group>"; };
		B0DBFB7C201127F6009442F4 /* GiftyBridge.framework */ = {isa = PBXFileReference; explicitFileType = wrapper.framework; includeInIndex = 0; path = GiftyBridge.framework; sourceTree = BUILT_PRODUCTS_DIR; };
		B0DBFB7E201127F6009442F4 /* GiftyBridge.h */ = {isa = PBXFileReference; lastKnownFileType = sourcecode.c.h; path = GiftyBridge.h; sourceTree = "<group>"; };
		B0DBFB7F201127F6009442F4 /* Info.plist */ = {isa = PBXFileReference; lastKnownFileType = text.plist.xml; path = Info.plist; sourceTree = "<group>"; };
		B0DBFB8A2011284C009442F4 /* CoreDataStorage.swift */ = {isa = PBXFileReference; lastKnownFileType = sourcecode.swift; path = CoreDataStorage.swift; sourceTree = "<group>"; };
		B0E38D28201166A000542217 /* TodayEventTableViewCell.swift */ = {isa = PBXFileReference; lastKnownFileType = sourcecode.swift; path = TodayEventTableViewCell.swift; sourceTree = "<group>"; };
		B0E38D2A2011682000542217 /* Media.xcassets */ = {isa = PBXFileReference; lastKnownFileType = folder.assetcatalog; path = Media.xcassets; sourceTree = "<group>"; };
		B0E38D2C20116A2400542217 /* Helpers.swift */ = {isa = PBXFileReference; lastKnownFileType = sourcecode.swift; path = Helpers.swift; sourceTree = "<group>"; };
		B0E58B4D1F36375500A88123 /* EventDisplayViewCreatePerson.swift */ = {isa = PBXFileReference; fileEncoding = 4; lastKnownFileType = sourcecode.swift; path = EventDisplayViewCreatePerson.swift; sourceTree = "<group>"; };
		B0E8B89E1EF8E26700D1B5DC /* CustomViewController.swift */ = {isa = PBXFileReference; fileEncoding = 4; lastKnownFileType = sourcecode.swift; path = CustomViewController.swift; sourceTree = "<group>"; };
		B0F0045E20054BC900D9B6D0 /* GiftyTodayExtension.appex */ = {isa = PBXFileReference; explicitFileType = "wrapper.app-extension"; includeInIndex = 0; path = GiftyTodayExtension.appex; sourceTree = BUILT_PRODUCTS_DIR; };
		B0F0045F20054BC900D9B6D0 /* NotificationCenter.framework */ = {isa = PBXFileReference; lastKnownFileType = wrapper.framework; name = NotificationCenter.framework; path = System/Library/Frameworks/NotificationCenter.framework; sourceTree = SDKROOT; };
		B0F0046220054BC900D9B6D0 /* TodayViewController.swift */ = {isa = PBXFileReference; lastKnownFileType = sourcecode.swift; path = TodayViewController.swift; sourceTree = "<group>"; };
		B0F0046520054BC900D9B6D0 /* Base */ = {isa = PBXFileReference; lastKnownFileType = file.storyboard; name = Base; path = Base.lproj/MainInterface.storyboard; sourceTree = "<group>"; };
		B0F0046720054BC900D9B6D0 /* Info.plist */ = {isa = PBXFileReference; lastKnownFileType = text.plist.xml; path = Info.plist; sourceTree = "<group>"; };
		B0F4048A20361C9700112E6D /* DataPersistenceService.swift */ = {isa = PBXFileReference; lastKnownFileType = sourcecode.swift; path = DataPersistenceService.swift; sourceTree = "<group>"; };
		B0F90BA41F6F2D5900EF3DE4 /* CurrencyHandler.swift */ = {isa = PBXFileReference; fileEncoding = 4; lastKnownFileType = sourcecode.swift; path = CurrencyHandler.swift; sourceTree = "<group>"; };
		B0FAB87D1F620699008EA9A1 /* EventDisplayHeader.swift */ = {isa = PBXFileReference; fileEncoding = 4; lastKnownFileType = sourcecode.swift; path = EventDisplayHeader.swift; sourceTree = "<group>"; };
		CF30C550C51DFC2BA7982DFC /* Pods-GiftyTests.release.xcconfig */ = {isa = PBXFileReference; includeInIndex = 1; lastKnownFileType = text.xcconfig; name = "Pods-GiftyTests.release.xcconfig"; path = "Pods/Target Support Files/Pods-GiftyTests/Pods-GiftyTests.release.xcconfig"; sourceTree = "<group>"; };
		DFE808D0507F6B5715849CB5 /* Pods-Gifty.debug.xcconfig */ = {isa = PBXFileReference; includeInIndex = 1; lastKnownFileType = text.xcconfig; name = "Pods-Gifty.debug.xcconfig"; path = "Pods/Target Support Files/Pods-Gifty/Pods-Gifty.debug.xcconfig"; sourceTree = "<group>"; };
/* End PBXFileReference section */

/* Begin PBXFrameworksBuildPhase section */
		B041F7601EF899F500A3E332 /* Frameworks */ = {
			isa = PBXFrameworksBuildPhase;
			buildActionMask = 2147483647;
			files = (
				B019FC3E1F05AD8300805687 /* ContactsUI.framework in Frameworks */,
				B0DBFB83201127F6009442F4 /* GiftyBridge.framework in Frameworks */,
				B019FC3C1F05AD6B00805687 /* Contacts.framework in Frameworks */,
				842CF645AC072AA97B0BD6E6 /* Pods_Gifty.framework in Frameworks */,
			);
			runOnlyForDeploymentPostprocessing = 0;
		};
		B041F7741EF899F500A3E332 /* Frameworks */ = {
			isa = PBXFrameworksBuildPhase;
			buildActionMask = 2147483647;
			files = (
				9395BA95A74AB8402D9BAFC8 /* Pods_GiftyTests.framework in Frameworks */,
			);
			runOnlyForDeploymentPostprocessing = 0;
		};
		B041F77F1EF899F500A3E332 /* Frameworks */ = {
			isa = PBXFrameworksBuildPhase;
			buildActionMask = 2147483647;
			files = (
				775F83FD437CBFAE67612986 /* Pods_GiftyUITests.framework in Frameworks */,
			);
			runOnlyForDeploymentPostprocessing = 0;
		};
		B0DBFB78201127F6009442F4 /* Frameworks */ = {
			isa = PBXFrameworksBuildPhase;
			buildActionMask = 2147483647;
			files = (
			);
			runOnlyForDeploymentPostprocessing = 0;
		};
		B0F0045B20054BC900D9B6D0 /* Frameworks */ = {
			isa = PBXFrameworksBuildPhase;
			buildActionMask = 2147483647;
			files = (
				B03B653E20363BF50045F95A /* GiftyBridge.framework in Frameworks */,
				B0F0046020054BC900D9B6D0 /* NotificationCenter.framework in Frameworks */,
			);
			runOnlyForDeploymentPostprocessing = 0;
		};
/* End PBXFrameworksBuildPhase section */

/* Begin PBXGroup section */
		6C2773900C716396941BDDAA /* Pods */ = {
			isa = PBXGroup;
			children = (
				DFE808D0507F6B5715849CB5 /* Pods-Gifty.debug.xcconfig */,
				168833BE887AA8C64532C8D8 /* Pods-Gifty.release.xcconfig */,
				840BF037763567376C3007C0 /* Pods-GiftyTests.debug.xcconfig */,
				CF30C550C51DFC2BA7982DFC /* Pods-GiftyTests.release.xcconfig */,
				2E770403E869EB3F8A5DE760 /* Pods-GiftyUITests.debug.xcconfig */,
				386FB104C6CB606AE6CC98AA /* Pods-GiftyUITests.release.xcconfig */,
			);
			name = Pods;
			sourceTree = "<group>";
		};
		B00FF3E6202CC643004CF10C /* Interstitials */ = {
			isa = PBXGroup;
			children = (
				B00FF3E9202CC787004CF10C /* InterstitialTimer.swift */,
				B00FF3E7202CC777004CF10C /* GoogleAdService.swift */,
				B076AF1E202D1D6D00B54CDF /* InterstitialService.swift */,
			);
			name = Interstitials;
			sourceTree = "<group>";
		};
		B03B654020363D6D0045F95A /* DatePersistence */ = {
			isa = PBXGroup;
			children = (
				B0F4048A20361C9700112E6D /* DataPersistenceService.swift */,
			);
			name = DatePersistence;
			sourceTree = "<group>";
		};
		B041F75A1EF899F500A3E332 = {
			isa = PBXGroup;
			children = (
				B0DBFB8920112813009442F4 /* Shared */,
				B041F7651EF899F500A3E332 /* Gifty */,
				B041F77A1EF899F500A3E332 /* GiftyTests */,
				B041F7851EF899F500A3E332 /* GiftyUITests */,
				B0F0046120054BC900D9B6D0 /* GiftyTodayExtension */,
				B0DBFB7D201127F6009442F4 /* GiftyBridge */,
				B041F7641EF899F500A3E332 /* Products */,
				6C2773900C716396941BDDAA /* Pods */,
				D97FE7C96A58FFBC09172875 /* Frameworks */,
			);
			sourceTree = "<group>";
		};
		B041F7641EF899F500A3E332 /* Products */ = {
			isa = PBXGroup;
			children = (
				B041F7631EF899F500A3E332 /* Gifty.app */,
				B041F7771EF899F500A3E332 /* GiftyTests.xctest */,
				B041F7821EF899F500A3E332 /* GiftyUITests.xctest */,
				B0F0045E20054BC900D9B6D0 /* GiftyTodayExtension.appex */,
				B0DBFB7C201127F6009442F4 /* GiftyBridge.framework */,
			);
			name = Products;
			sourceTree = "<group>";
		};
		B041F7651EF899F500A3E332 /* Gifty */ = {
			isa = PBXGroup;
			children = (
				B03B653F20363D250045F95A /* BridgingHeader.h */,
				B00B53E520112E8000A2301F /* Gifty.entitlements */,
				B0D514FC1F37803D008A88A4 /* App */,
				B0D514FB1F378000008A88A4 /* CalendarTab */,
				B0D5150B1F37890C008A88A4 /* PersonTab */,
				B0D5150F1F378A63008A88A4 /* SettingsTab */,
			);
			path = Gifty;
			sourceTree = "<group>";
		};
		B041F77A1EF899F500A3E332 /* GiftyTests */ = {
			isa = PBXGroup;
			children = (
				B041F77B1EF899F500A3E332 /* GiftyTests.swift */,
				B041F77D1EF899F500A3E332 /* Info.plist */,
			);
			path = GiftyTests;
			sourceTree = "<group>";
		};
		B041F7851EF899F500A3E332 /* GiftyUITests */ = {
			isa = PBXGroup;
			children = (
				B041F7861EF899F500A3E332 /* GiftyUITests.swift */,
				B041F7881EF899F500A3E332 /* Info.plist */,
			);
			path = GiftyUITests;
			sourceTree = "<group>";
		};
		B041F7941EF89A0800A3E332 /* Controller */ = {
			isa = PBXGroup;
			children = (
				B041F79B1EF89B5800A3E332 /* SettingsViewController.swift */,
			);
			name = Controller;
			sourceTree = "<group>";
		};
		B041F7951EF89A0A00A3E332 /* View */ = {
			isa = PBXGroup;
			children = (
				B07D34E51FF9C0A700626C36 /* AutoCompleteTextField.swift */,
				B070420B1F0D50DE00D6A027 /* AddDateView.swift */,
				B070420D1F0D5ED000D6A027 /* AutoCompletePerson.swift */,
				B0CA63201F0D69C500C1A2B1 /* BudgetView.swift */,
				B07042031F06B7B400D6A027 /* ButtonTemplate.swift */,
				B0CA63331F0ECEDC00C1A2B1 /* CircleView.swift */,
				B013B5CC1F04497400107B64 /* DropDownTextField.swift */,
				B0E58B4D1F36375500A88123 /* EventDisplayViewCreatePerson.swift */,
				B0CA63311F0EAEEA00C1A2B1 /* PersonCell.swift */,
				B013B5C81F041DD700107B64 /* PersonTFTableView.swift */,
				B0275CFC1F1018DE004F77E6 /* SearchHeaderView.swift */,
				B013B5CA1F0428A300107B64 /* TextFieldCell.swift */,
			);
			name = View;
			sourceTree = "<group>";
		};
		B07A55DF1F677CC7004BD772 /* PresentationController */ = {
			isa = PBXGroup;
			children = (
				B07A55E01F677CFE004BD772 /* ViewControllerAnimatedTransitioning.swift */,
				B07A55E21F677D5A004BD772 /* PresentationController.swift */,
				B07A55E41F677DE4004BD772 /* OverlayEventBudgetViewController.swift */,
			);
			name = PresentationController;
			sourceTree = "<group>";
		};
		B08833081FE48C570085BBD9 /* Model */ = {
			isa = PBXGroup;
			children = (
				B08833091FE48E110085BBD9 /* SettingCellType.swift */,
			);
			name = Model;
			sourceTree = "<group>";
		};
		B0AFD7951FBA31D1002F89FF /* View */ = {
			isa = PBXGroup;
			children = (
				B0AFD7911FBA302D002F89FF /* Main.storyboard */,
				B088330B1FE495770085BBD9 /* SegueSettingsTableViewCell.swift */,
				B088330D1FE4B4000085BBD9 /* TextfieldSettingsTableViewCell.swift */,
				B06D5B201FE5EF6100C096C9 /* ReturnContainerView.swift */,
				B0CEC1F01FE9D63100BF7099 /* ScrollSettingsTableViewCell.swift */,
			);
			name = View;
			sourceTree = "<group>";
		};
		B0D514FB1F378000008A88A4 /* CalendarTab */ = {
			isa = PBXGroup;
			children = (
				B0D515091F37886D008A88A4 /* Controller */,
				B0D515071F378857008A88A4 /* Model */,
				B0D5150A1F378899008A88A4 /* Resources */,
				B0D515081F37885F008A88A4 /* View */,
			);
			name = CalendarTab;
			sourceTree = "<group>";
		};
		B0D514FC1F37803D008A88A4 /* App */ = {
			isa = PBXGroup;
			children = (
				B03B654020363D6D0045F95A /* DatePersistence */,
				B07A55DF1F677CC7004BD772 /* PresentationController */,
				B0D515001F378212008A88A4 /* AppDelegate */,
				B0D514FF1F3780A5008A88A4 /* Controller */,
				B0D514FD1F378092008A88A4 /* Model */,
				B0D515011F378541008A88A4 /* Resources */,
				B0D515021F3785D2008A88A4 /* SupportingFiles */,
				B0D514FE1F37809F008A88A4 /* View */,
			);
			name = App;
			sourceTree = "<group>";
		};
		B0D514FD1F378092008A88A4 /* Model */ = {
			isa = PBXGroup;
			children = (
				B041F7A21EF8A74A00A3E332 /* Helpers.swift */,
				B00FF3E6202CC643004CF10C /* Interstitials */,
				B0CA63251F0D737300C1A2B1 /* ManagedObjectBuilder.swift */,
				B0CA63271F0D7D3200C1A2B1 /* UIImage + Scale.swift */,
				B0C205761F22D2C200C3E7ED /* Theme.swift */,
				B0F90BA41F6F2D5900EF3DE4 /* CurrencyHandler.swift */,
				B0AFD7D01FBA5E7A002F89FF /* SettingsHandler.swift */,
				B0C250F320018EE400E741DA /* DispatchQueueHandler.swift */,
				B00B53EB20113A9D00A2301F /* TableSectionEvent.swift */,
			);
			name = Model;
			sourceTree = "<group>";
		};
		B0D514FE1F37809F008A88A4 /* View */ = {
			isa = PBXGroup;
			children = (
				B02CCCA51F1C0DF6008CCA58 /* ActionsButtonsView.swift */,
				B07042071F06DAE000D6A027 /* EventTableView.swift */,
				B02866771F143590003F5E22 /* EventTableViewCell.swift */,
				B07042051F06CC6200D6A027 /* CustomImageControl.swift */,
				B041F76F1EF899F500A3E332 /* LaunchScreen.storyboard */,
			);
			name = View;
			sourceTree = "<group>";
		};
		B0D514FF1F3780A5008A88A4 /* Controller */ = {
			isa = PBXGroup;
			children = (
				B0E8B89E1EF8E26700D1B5DC /* CustomViewController.swift */,
				B09ECEB71FDF5F65009B15B9 /* CustomTableViewController.swift */,
			);
			name = Controller;
			sourceTree = "<group>";
		};
		B0D515001F378212008A88A4 /* AppDelegate */ = {
			isa = PBXGroup;
			children = (
				B041F7661EF899F500A3E332 /* AppDelegate.swift */,
			);
			name = AppDelegate;
			sourceTree = "<group>";
		};
		B0D515011F378541008A88A4 /* Resources */ = {
			isa = PBXGroup;
			children = (
				B0D515031F378751008A88A4 /* MainAssets.xcassets */,
			);
			name = Resources;
			sourceTree = "<group>";
		};
		B0D515021F3785D2008A88A4 /* SupportingFiles */ = {
			isa = PBXGroup;
			children = (
				B041F7721EF899F500A3E332 /* Info.plist */,
			);
			name = SupportingFiles;
			sourceTree = "<group>";
		};
		B0D515071F378857008A88A4 /* Model */ = {
			isa = PBXGroup;
			children = (
				B013B5791EFF23AB00107B64 /* ScheduledTimer.swift */,
				B08AD7231FDCB89100537A42 /* PieChartService.swift */,
			);
			name = Model;
			sourceTree = "<group>";
		};
		B0D515081F37885F008A88A4 /* View */ = {
			isa = PBXGroup;
			children = (
				B027E5571F2C123800EC273A /* EventDisplayViewCalendar.swift */,
				B013B5731EFF21E300107B64 /* CustomCalendar.swift */,
				B013B5751EFF221000107B64 /* CustomCalendarCell.swift */,
				B08695AA1FDA2D6F00080855 /* PieChartCell.swift */,
				B0FAB87D1F620699008EA9A1 /* EventDisplayHeader.swift */,
				B0A0CB861FDDF9600000CE03 /* ChartReportCell.swift */,
			);
			name = View;
			sourceTree = "<group>";
		};
		B0D515091F37886D008A88A4 /* Controller */ = {
			isa = PBXGroup;
			children = (
				B041F7971EF89B3D00A3E332 /* CalendarViewController.swift */,
			);
			name = Controller;
			sourceTree = "<group>";
		};
		B0D5150A1F378899008A88A4 /* Resources */ = {
			isa = PBXGroup;
			children = (
				B0D515051F37883A008A88A4 /* CalendarAssets.xcassets */,
			);
			name = Resources;
			sourceTree = "<group>";
		};
		B0D5150B1F37890C008A88A4 /* PersonTab */ = {
			isa = PBXGroup;
			children = (
				B0D5150C1F378935008A88A4 /* Controller */,
				B0D5150D1F378965008A88A4 /* Model */,
				B0D5150E1F378A4B008A88A4 /* Resources */,
				B041F7951EF89A0A00A3E332 /* View */,
			);
			name = PersonTab;
			sourceTree = "<group>";
		};
		B0D5150C1F378935008A88A4 /* Controller */ = {
			isa = PBXGroup;
			children = (
				B07042091F09A2DC00D6A027 /* CreateEventViewController.swift */,
				B013B5C61F035F6D00107B64 /* CreatePersonViewController.swift */,
				B0DA44141F17E7B7000E78F2 /* DatePickerViewController.swift */,
				B041F7991EF89B4900A3E332 /* PeopleViewController.swift */,
			);
			name = Controller;
			sourceTree = "<group>";
		};
		B0D5150D1F378965008A88A4 /* Model */ = {
			isa = PBXGroup;
			children = (
				B0CA632B1F0D844800C1A2B1 /* PersonFRC.swift */,
			);
			name = Model;
			sourceTree = "<group>";
		};
		B0D5150E1F378A4B008A88A4 /* Resources */ = {
			isa = PBXGroup;
			children = (
				B041F76D1EF899F500A3E332 /* PersonAssets.xcassets */,
			);
			name = Resources;
			sourceTree = "<group>";
		};
		B0D5150F1F378A63008A88A4 /* SettingsTab */ = {
			isa = PBXGroup;
			children = (
				B08833081FE48C570085BBD9 /* Model */,
				B0AFD7951FBA31D1002F89FF /* View */,
				B041F7941EF89A0800A3E332 /* Controller */,
			);
			name = SettingsTab;
			sourceTree = "<group>";
		};
		B0DBFB7D201127F6009442F4 /* GiftyBridge */ = {
			isa = PBXGroup;
			children = (
				B0DBFB7E201127F6009442F4 /* GiftyBridge.h */,
				B0DBFB8A2011284C009442F4 /* CoreDataStorage.swift */,
				B044D1FB1F2CE9B600214CE5 /* EventFRC.swift */,
				B013B5771EFF233200107B64 /* DateHandler.swift */,
				B0CA63221F0D70EB00C1A2B1 /* PersonEventModel.xcdatamodeld */,
				B0DBFB7F201127F6009442F4 /* Info.plist */,
			);
			path = GiftyBridge;
			sourceTree = "<group>";
		};
		B0DBFB8920112813009442F4 /* Shared */ = {
			isa = PBXGroup;
			children = (
			);
			path = Shared;
			sourceTree = "<group>";
		};
		B0F0046120054BC900D9B6D0 /* GiftyTodayExtension */ = {
			isa = PBXGroup;
			children = (
				B00B53E620112FA500A2301F /* GiftyTodayExtension.entitlements */,
				B0F0046220054BC900D9B6D0 /* TodayViewController.swift */,
				B0F0046420054BC900D9B6D0 /* MainInterface.storyboard */,
				B0F0046720054BC900D9B6D0 /* Info.plist */,
				B0E38D28201166A000542217 /* TodayEventTableViewCell.swift */,
				B0E38D2A2011682000542217 /* Media.xcassets */,
				B0E38D2C20116A2400542217 /* Helpers.swift */,
			);
			path = GiftyTodayExtension;
			sourceTree = "<group>";
		};
		D97FE7C96A58FFBC09172875 /* Frameworks */ = {
			isa = PBXGroup;
			children = (
				B019FC3D1F05AD8300805687 /* ContactsUI.framework */,
				B019FC3B1F05AD6B00805687 /* Contacts.framework */,
				66E0F7DFB3BDD26E6515B037 /* Pods_Gifty.framework */,
				46C30F863C942B547F235266 /* Pods_GiftyTests.framework */,
				373C8160F0EABC34750BBAAE /* Pods_GiftyUITests.framework */,
				B0F0045F20054BC900D9B6D0 /* NotificationCenter.framework */,
			);
			name = Frameworks;
			sourceTree = "<group>";
		};
/* End PBXGroup section */

/* Begin PBXHeadersBuildPhase section */
		B0DBFB79201127F6009442F4 /* Headers */ = {
			isa = PBXHeadersBuildPhase;
			buildActionMask = 2147483647;
			files = (
				B0DBFB80201127F6009442F4 /* GiftyBridge.h in Headers */,
			);
			runOnlyForDeploymentPostprocessing = 0;
		};
/* End PBXHeadersBuildPhase section */

/* Begin PBXNativeTarget section */
		B041F7621EF899F500A3E332 /* Gifty */ = {
			isa = PBXNativeTarget;
			buildConfigurationList = B041F78B1EF899F500A3E332 /* Build configuration list for PBXNativeTarget "Gifty" */;
			buildPhases = (
				924B261CB98E7444897F96AB /* [CP] Check Pods Manifest.lock */,
				B041F75F1EF899F500A3E332 /* Sources */,
				B041F7601EF899F500A3E332 /* Frameworks */,
				B041F7611EF899F500A3E332 /* Resources */,
				7CCFF5A522DD2BA77A04BC9B /* [CP] Embed Pods Frameworks */,
				17912AD8F988054A4664DA57 /* [CP] Copy Pods Resources */,
				B0F0046E20054BC900D9B6D0 /* Embed App Extensions */,
				B0DBFB88201127F6009442F4 /* Embed Frameworks */,
			);
			buildRules = (
			);
			dependencies = (
				B0F0046920054BC900D9B6D0 /* PBXTargetDependency */,
				B0DBFB82201127F6009442F4 /* PBXTargetDependency */,
			);
			name = Gifty;
			productName = Gifty;
			productReference = B041F7631EF899F500A3E332 /* Gifty.app */;
			productType = "com.apple.product-type.application";
		};
		B041F7761EF899F500A3E332 /* GiftyTests */ = {
			isa = PBXNativeTarget;
			buildConfigurationList = B041F78E1EF899F500A3E332 /* Build configuration list for PBXNativeTarget "GiftyTests" */;
			buildPhases = (
				55E0858435C834C6E7E59E5A /* [CP] Check Pods Manifest.lock */,
				B041F7731EF899F500A3E332 /* Sources */,
				B041F7741EF899F500A3E332 /* Frameworks */,
				B041F7751EF899F500A3E332 /* Resources */,
				5A2D721B4BFEEB2C7338ABC1 /* [CP] Embed Pods Frameworks */,
				FC8D4739438BAD76F59C4F2D /* [CP] Copy Pods Resources */,
			);
			buildRules = (
			);
			dependencies = (
				B041F7791EF899F500A3E332 /* PBXTargetDependency */,
			);
			name = GiftyTests;
			productName = GiftyTests;
			productReference = B041F7771EF899F500A3E332 /* GiftyTests.xctest */;
			productType = "com.apple.product-type.bundle.unit-test";
		};
		B041F7811EF899F500A3E332 /* GiftyUITests */ = {
			isa = PBXNativeTarget;
			buildConfigurationList = B041F7911EF899F500A3E332 /* Build configuration list for PBXNativeTarget "GiftyUITests" */;
			buildPhases = (
				A3A335FCC81D26CFF30C78E8 /* [CP] Check Pods Manifest.lock */,
				B041F77E1EF899F500A3E332 /* Sources */,
				B041F77F1EF899F500A3E332 /* Frameworks */,
				B041F7801EF899F500A3E332 /* Resources */,
				F7CD4818F22061904F23FEAC /* [CP] Embed Pods Frameworks */,
				B349979335B91F15ABCD939B /* [CP] Copy Pods Resources */,
			);
			buildRules = (
			);
			dependencies = (
				B041F7841EF899F500A3E332 /* PBXTargetDependency */,
			);
			name = GiftyUITests;
			productName = GiftyUITests;
			productReference = B041F7821EF899F500A3E332 /* GiftyUITests.xctest */;
			productType = "com.apple.product-type.bundle.ui-testing";
		};
		B0DBFB7B201127F6009442F4 /* GiftyBridge */ = {
			isa = PBXNativeTarget;
			buildConfigurationList = B0DBFB85201127F6009442F4 /* Build configuration list for PBXNativeTarget "GiftyBridge" */;
			buildPhases = (
				B0DBFB77201127F6009442F4 /* Sources */,
				B0DBFB78201127F6009442F4 /* Frameworks */,
				B0DBFB79201127F6009442F4 /* Headers */,
				B0DBFB7A201127F6009442F4 /* Resources */,
			);
			buildRules = (
			);
			dependencies = (
			);
			name = GiftyBridge;
			productName = GiftyBridge;
			productReference = B0DBFB7C201127F6009442F4 /* GiftyBridge.framework */;
			productType = "com.apple.product-type.framework";
		};
		B0F0045D20054BC900D9B6D0 /* GiftyTodayExtension */ = {
			isa = PBXNativeTarget;
			buildConfigurationList = B0F0046D20054BC900D9B6D0 /* Build configuration list for PBXNativeTarget "GiftyTodayExtension" */;
			buildPhases = (
				B0F0045A20054BC900D9B6D0 /* Sources */,
				B0F0045B20054BC900D9B6D0 /* Frameworks */,
				B0F0045C20054BC900D9B6D0 /* Resources */,
			);
			buildRules = (
			);
			dependencies = (
			);
			name = GiftyTodayExtension;
			productName = GiftyTodayExtension;
			productReference = B0F0045E20054BC900D9B6D0 /* GiftyTodayExtension.appex */;
			productType = "com.apple.product-type.app-extension";
		};
/* End PBXNativeTarget section */

/* Begin PBXProject section */
		B041F75B1EF899F500A3E332 /* Project object */ = {
			isa = PBXProject;
			attributes = {
				LastSwiftUpdateCheck = 0920;
				LastUpgradeCheck = 0920;
				ORGANIZATIONNAME = "Tim Beals";
				TargetAttributes = {
					B041F7621EF899F500A3E332 = {
						CreatedOnToolsVersion = 8.3.3;
						DevelopmentTeam = 2733C6P24Y;
						LastSwiftMigration = 0900;
						ProvisioningStyle = Automatic;
						SystemCapabilities = {
							com.apple.ApplicationGroups.iOS = {
								enabled = 1;
							};
						};
					};
					B041F7761EF899F500A3E332 = {
						CreatedOnToolsVersion = 8.3.3;
						DevelopmentTeam = 2733C6P24Y;
						LastSwiftMigration = 0900;
						ProvisioningStyle = Automatic;
						TestTargetID = B041F7621EF899F500A3E332;
					};
					B041F7811EF899F500A3E332 = {
						CreatedOnToolsVersion = 8.3.3;
						DevelopmentTeam = 2733C6P24Y;
						LastSwiftMigration = 0900;
						ProvisioningStyle = Automatic;
						TestTargetID = B041F7621EF899F500A3E332;
					};
					B0DBFB7B201127F6009442F4 = {
						CreatedOnToolsVersion = 9.2;
						DevelopmentTeam = 2733C6P24Y;
						ProvisioningStyle = Automatic;
					};
					B0F0045D20054BC900D9B6D0 = {
						CreatedOnToolsVersion = 9.2;
						DevelopmentTeam = 2733C6P24Y;
						ProvisioningStyle = Automatic;
						SystemCapabilities = {
							com.apple.ApplicationGroups.iOS = {
								enabled = 1;
							};
						};
					};
				};
			};
			buildConfigurationList = B041F75E1EF899F500A3E332 /* Build configuration list for PBXProject "Gifty" */;
			compatibilityVersion = "Xcode 3.2";
			developmentRegion = English;
			hasScannedForEncodings = 0;
			knownRegions = (
				en,
				Base,
			);
			mainGroup = B041F75A1EF899F500A3E332;
			productRefGroup = B041F7641EF899F500A3E332 /* Products */;
			projectDirPath = "";
			projectRoot = "";
			targets = (
				B041F7621EF899F500A3E332 /* Gifty */,
				B041F7761EF899F500A3E332 /* GiftyTests */,
				B041F7811EF899F500A3E332 /* GiftyUITests */,
				B0F0045D20054BC900D9B6D0 /* GiftyTodayExtension */,
				B0DBFB7B201127F6009442F4 /* GiftyBridge */,
			);
		};
/* End PBXProject section */

/* Begin PBXResourcesBuildPhase section */
		B041F7611EF899F500A3E332 /* Resources */ = {
			isa = PBXResourcesBuildPhase;
			buildActionMask = 2147483647;
			files = (
				B0D515061F37883A008A88A4 /* CalendarAssets.xcassets in Resources */,
				B0AFD7921FBA302D002F89FF /* Main.storyboard in Resources */,
				B041F7711EF899F500A3E332 /* LaunchScreen.storyboard in Resources */,
				B0D515041F378751008A88A4 /* MainAssets.xcassets in Resources */,
				B041F76E1EF899F500A3E332 /* PersonAssets.xcassets in Resources */,
			);
			runOnlyForDeploymentPostprocessing = 0;
		};
		B041F7751EF899F500A3E332 /* Resources */ = {
			isa = PBXResourcesBuildPhase;
			buildActionMask = 2147483647;
			files = (
			);
			runOnlyForDeploymentPostprocessing = 0;
		};
		B041F7801EF899F500A3E332 /* Resources */ = {
			isa = PBXResourcesBuildPhase;
			buildActionMask = 2147483647;
			files = (
			);
			runOnlyForDeploymentPostprocessing = 0;
		};
		B0DBFB7A201127F6009442F4 /* Resources */ = {
			isa = PBXResourcesBuildPhase;
			buildActionMask = 2147483647;
			files = (
			);
			runOnlyForDeploymentPostprocessing = 0;
		};
		B0F0045C20054BC900D9B6D0 /* Resources */ = {
			isa = PBXResourcesBuildPhase;
			buildActionMask = 2147483647;
			files = (
				B0E38D2B2011682000542217 /* Media.xcassets in Resources */,
				B0F0046620054BC900D9B6D0 /* MainInterface.storyboard in Resources */,
			);
			runOnlyForDeploymentPostprocessing = 0;
		};
/* End PBXResourcesBuildPhase section */

/* Begin PBXShellScriptBuildPhase section */
		17912AD8F988054A4664DA57 /* [CP] Copy Pods Resources */ = {
			isa = PBXShellScriptBuildPhase;
			buildActionMask = 2147483647;
			files = (
			);
			inputPaths = (
			);
			name = "[CP] Copy Pods Resources";
			outputPaths = (
			);
			runOnlyForDeploymentPostprocessing = 0;
			shellPath = /bin/sh;
			shellScript = "\"${SRCROOT}/Pods/Target Support Files/Pods-Gifty/Pods-Gifty-resources.sh\"\n";
			showEnvVarsInLog = 0;
		};
		55E0858435C834C6E7E59E5A /* [CP] Check Pods Manifest.lock */ = {
			isa = PBXShellScriptBuildPhase;
			buildActionMask = 2147483647;
			files = (
			);
			inputPaths = (
				"${PODS_PODFILE_DIR_PATH}/Podfile.lock",
				"${PODS_ROOT}/Manifest.lock",
			);
			name = "[CP] Check Pods Manifest.lock";
			outputPaths = (
				"$(DERIVED_FILE_DIR)/Pods-GiftyTests-checkManifestLockResult.txt",
			);
			runOnlyForDeploymentPostprocessing = 0;
			shellPath = /bin/sh;
			shellScript = "diff \"${PODS_PODFILE_DIR_PATH}/Podfile.lock\" \"${PODS_ROOT}/Manifest.lock\" > /dev/null\nif [ $? != 0 ] ; then\n    # print error to STDERR\n    echo \"error: The sandbox is not in sync with the Podfile.lock. Run 'pod install' or update your CocoaPods installation.\" >&2\n    exit 1\nfi\n# This output is used by Xcode 'outputs' to avoid re-running this script phase.\necho \"SUCCESS\" > \"${SCRIPT_OUTPUT_FILE_0}\"\n";
			showEnvVarsInLog = 0;
		};
		5A2D721B4BFEEB2C7338ABC1 /* [CP] Embed Pods Frameworks */ = {
			isa = PBXShellScriptBuildPhase;
			buildActionMask = 2147483647;
			files = (
			);
			inputPaths = (
			);
			name = "[CP] Embed Pods Frameworks";
			outputPaths = (
			);
			runOnlyForDeploymentPostprocessing = 0;
			shellPath = /bin/sh;
			shellScript = "\"${SRCROOT}/Pods/Target Support Files/Pods-GiftyTests/Pods-GiftyTests-frameworks.sh\"\n";
			showEnvVarsInLog = 0;
		};
		7CCFF5A522DD2BA77A04BC9B /* [CP] Embed Pods Frameworks */ = {
			isa = PBXShellScriptBuildPhase;
			buildActionMask = 2147483647;
			files = (
			);
			inputPaths = (
				"${SRCROOT}/Pods/Target Support Files/Pods-Gifty/Pods-Gifty-frameworks.sh",
				"${BUILT_PRODUCTS_DIR}/JTAppleCalendar/JTAppleCalendar.framework",
				"${BUILT_PRODUCTS_DIR}/RKPieChart/RKPieChart.framework",
			);
			name = "[CP] Embed Pods Frameworks";
			outputPaths = (
				"${TARGET_BUILD_DIR}/${FRAMEWORKS_FOLDER_PATH}/JTAppleCalendar.framework",
				"${TARGET_BUILD_DIR}/${FRAMEWORKS_FOLDER_PATH}/RKPieChart.framework",
			);
			runOnlyForDeploymentPostprocessing = 0;
			shellPath = /bin/sh;
			shellScript = "\"${SRCROOT}/Pods/Target Support Files/Pods-Gifty/Pods-Gifty-frameworks.sh\"\n";
			showEnvVarsInLog = 0;
		};
		924B261CB98E7444897F96AB /* [CP] Check Pods Manifest.lock */ = {
			isa = PBXShellScriptBuildPhase;
			buildActionMask = 2147483647;
			files = (
			);
			inputPaths = (
				"${PODS_PODFILE_DIR_PATH}/Podfile.lock",
				"${PODS_ROOT}/Manifest.lock",
			);
			name = "[CP] Check Pods Manifest.lock";
			outputPaths = (
				"$(DERIVED_FILE_DIR)/Pods-Gifty-checkManifestLockResult.txt",
			);
			runOnlyForDeploymentPostprocessing = 0;
			shellPath = /bin/sh;
			shellScript = "diff \"${PODS_PODFILE_DIR_PATH}/Podfile.lock\" \"${PODS_ROOT}/Manifest.lock\" > /dev/null\nif [ $? != 0 ] ; then\n    # print error to STDERR\n    echo \"error: The sandbox is not in sync with the Podfile.lock. Run 'pod install' or update your CocoaPods installation.\" >&2\n    exit 1\nfi\n# This output is used by Xcode 'outputs' to avoid re-running this script phase.\necho \"SUCCESS\" > \"${SCRIPT_OUTPUT_FILE_0}\"\n";
			showEnvVarsInLog = 0;
		};
		A3A335FCC81D26CFF30C78E8 /* [CP] Check Pods Manifest.lock */ = {
			isa = PBXShellScriptBuildPhase;
			buildActionMask = 2147483647;
			files = (
			);
			inputPaths = (
				"${PODS_PODFILE_DIR_PATH}/Podfile.lock",
				"${PODS_ROOT}/Manifest.lock",
			);
			name = "[CP] Check Pods Manifest.lock";
			outputPaths = (
				"$(DERIVED_FILE_DIR)/Pods-GiftyUITests-checkManifestLockResult.txt",
			);
			runOnlyForDeploymentPostprocessing = 0;
			shellPath = /bin/sh;
			shellScript = "diff \"${PODS_PODFILE_DIR_PATH}/Podfile.lock\" \"${PODS_ROOT}/Manifest.lock\" > /dev/null\nif [ $? != 0 ] ; then\n    # print error to STDERR\n    echo \"error: The sandbox is not in sync with the Podfile.lock. Run 'pod install' or update your CocoaPods installation.\" >&2\n    exit 1\nfi\n# This output is used by Xcode 'outputs' to avoid re-running this script phase.\necho \"SUCCESS\" > \"${SCRIPT_OUTPUT_FILE_0}\"\n";
			showEnvVarsInLog = 0;
		};
		B349979335B91F15ABCD939B /* [CP] Copy Pods Resources */ = {
			isa = PBXShellScriptBuildPhase;
			buildActionMask = 2147483647;
			files = (
			);
			inputPaths = (
			);
			name = "[CP] Copy Pods Resources";
			outputPaths = (
			);
			runOnlyForDeploymentPostprocessing = 0;
			shellPath = /bin/sh;
			shellScript = "\"${SRCROOT}/Pods/Target Support Files/Pods-GiftyUITests/Pods-GiftyUITests-resources.sh\"\n";
			showEnvVarsInLog = 0;
		};
		F7CD4818F22061904F23FEAC /* [CP] Embed Pods Frameworks */ = {
			isa = PBXShellScriptBuildPhase;
			buildActionMask = 2147483647;
			files = (
			);
			inputPaths = (
			);
			name = "[CP] Embed Pods Frameworks";
			outputPaths = (
			);
			runOnlyForDeploymentPostprocessing = 0;
			shellPath = /bin/sh;
			shellScript = "\"${SRCROOT}/Pods/Target Support Files/Pods-GiftyUITests/Pods-GiftyUITests-frameworks.sh\"\n";
			showEnvVarsInLog = 0;
		};
		FC8D4739438BAD76F59C4F2D /* [CP] Copy Pods Resources */ = {
			isa = PBXShellScriptBuildPhase;
			buildActionMask = 2147483647;
			files = (
			);
			inputPaths = (
			);
			name = "[CP] Copy Pods Resources";
			outputPaths = (
			);
			runOnlyForDeploymentPostprocessing = 0;
			shellPath = /bin/sh;
			shellScript = "\"${SRCROOT}/Pods/Target Support Files/Pods-GiftyTests/Pods-GiftyTests-resources.sh\"\n";
			showEnvVarsInLog = 0;
		};
/* End PBXShellScriptBuildPhase section */

/* Begin PBXSourcesBuildPhase section */
		B041F75F1EF899F500A3E332 /* Sources */ = {
			isa = PBXSourcesBuildPhase;
			buildActionMask = 2147483647;
			files = (
				B0AFD7D11FBA5E7A002F89FF /* SettingsHandler.swift in Sources */,
				B0CA63211F0D69C500C1A2B1 /* BudgetView.swift in Sources */,
				B0E58B4E1F36375500A88123 /* EventDisplayViewCreatePerson.swift in Sources */,
				B088330A1FE48E110085BBD9 /* SettingCellType.swift in Sources */,
				B013B5C71F035F6D00107B64 /* CreatePersonViewController.swift in Sources */,
				B0CA632C1F0D844800C1A2B1 /* PersonFRC.swift in Sources */,
				B0CA63261F0D737300C1A2B1 /* ManagedObjectBuilder.swift in Sources */,
				B00FF3EA202CC787004CF10C /* InterstitialTimer.swift in Sources */,
				B027E5581F2C123800EC273A /* EventDisplayViewCalendar.swift in Sources */,
				B0C250F420018EE400E741DA /* DispatchQueueHandler.swift in Sources */,
				B041F7981EF89B3D00A3E332 /* CalendarViewController.swift in Sources */,
				B0F90BA51F6F2D5900EF3DE4 /* CurrencyHandler.swift in Sources */,
				B088330E1FE4B4000085BBD9 /* TextfieldSettingsTableViewCell.swift in Sources */,
				B07A55E51F677DE4004BD772 /* OverlayEventBudgetViewController.swift in Sources */,
				B013B5741EFF21E300107B64 /* CustomCalendar.swift in Sources */,
				B088330C1FE495770085BBD9 /* SegueSettingsTableViewCell.swift in Sources */,
				B041F7A31EF8A74A00A3E332 /* Helpers.swift in Sources */,
				B076AF1F202D1D6D00B54CDF /* InterstitialService.swift in Sources */,
				B041F79A1EF89B4900A3E332 /* PeopleViewController.swift in Sources */,
				B07042041F06B7B400D6A027 /* ButtonTemplate.swift in Sources */,
				B0CA63281F0D7D3200C1A2B1 /* UIImage + Scale.swift in Sources */,
				B041F79C1EF89B5800A3E332 /* SettingsViewController.swift in Sources */,
				B013B57A1EFF23AB00107B64 /* ScheduledTimer.swift in Sources */,
				B013B5CD1F04497400107B64 /* DropDownTextField.swift in Sources */,
				B02CCCA61F1C0DF6008CCA58 /* ActionsButtonsView.swift in Sources */,
				B0CA63341F0ECEDC00C1A2B1 /* CircleView.swift in Sources */,
				B0275CFD1F1018DE004F77E6 /* SearchHeaderView.swift in Sources */,
				B041F7671EF899F500A3E332 /* AppDelegate.swift in Sources */,
				B0CA63321F0EAEEA00C1A2B1 /* PersonCell.swift in Sources */,
				B0DA44151F17E7B7000E78F2 /* DatePickerViewController.swift in Sources */,
				B07A55E31F677D5A004BD772 /* PresentationController.swift in Sources */,
				B02866781F143590003F5E22 /* EventTableViewCell.swift in Sources */,
				B0E8B89F1EF8E26700D1B5DC /* CustomViewController.swift in Sources */,
				B070420E1F0D5ED000D6A027 /* AutoCompletePerson.swift in Sources */,
				B07042061F06CC6200D6A027 /* CustomImageControl.swift in Sources */,
				B07A55E11F677CFE004BD772 /* ViewControllerAnimatedTransitioning.swift in Sources */,
				B0F4048B20361C9700112E6D /* DataPersistenceService.swift in Sources */,
				B0CEC1F11FE9D63100BF7099 /* ScrollSettingsTableViewCell.swift in Sources */,
				B0C205771F22D2C200C3E7ED /* Theme.swift in Sources */,
				B09ECEB81FDF5F65009B15B9 /* CustomTableViewController.swift in Sources */,
				B0A0CB871FDDF9600000CE03 /* ChartReportCell.swift in Sources */,
				B013B5C91F041DD700107B64 /* PersonTFTableView.swift in Sources */,
				B00FF3E8202CC777004CF10C /* GoogleAdService.swift in Sources */,
				B070420A1F09A2DC00D6A027 /* CreateEventViewController.swift in Sources */,
				B07D34E61FF9C0A700626C36 /* AutoCompleteTextField.swift in Sources */,
				B08AD7241FDCB89100537A42 /* PieChartService.swift in Sources */,
				B07042081F06DAE000D6A027 /* EventTableView.swift in Sources */,
				B08695AB1FDA2D6F00080855 /* PieChartCell.swift in Sources */,
				B06D5B211FE5EF6100C096C9 /* ReturnContainerView.swift in Sources */,
				B0FAB87E1F620699008EA9A1 /* EventDisplayHeader.swift in Sources */,
				B013B5761EFF221000107B64 /* CustomCalendarCell.swift in Sources */,
				B013B5CB1F0428A300107B64 /* TextFieldCell.swift in Sources */,
				B070420C1F0D50DE00D6A027 /* AddDateView.swift in Sources */,
			);
			runOnlyForDeploymentPostprocessing = 0;
		};
		B041F7731EF899F500A3E332 /* Sources */ = {
			isa = PBXSourcesBuildPhase;
			buildActionMask = 2147483647;
			files = (
				B041F77C1EF899F500A3E332 /* GiftyTests.swift in Sources */,
			);
			runOnlyForDeploymentPostprocessing = 0;
		};
		B041F77E1EF899F500A3E332 /* Sources */ = {
			isa = PBXSourcesBuildPhase;
			buildActionMask = 2147483647;
			files = (
				B041F7871EF899F500A3E332 /* GiftyUITests.swift in Sources */,
			);
			runOnlyForDeploymentPostprocessing = 0;
		};
		B0DBFB77201127F6009442F4 /* Sources */ = {
			isa = PBXSourcesBuildPhase;
			buildActionMask = 2147483647;
			files = (
				B0F4048C203624F000112E6D /* EventFRC.swift in Sources */,
				B00B53EA2011358800A2301F /* DateHandler.swift in Sources */,
				B00B53EE20113AF300A2301F /* TableSectionEvent.swift in Sources */,
				B00B53E92011350400A2301F /* PersonEventModel.xcdatamodeld in Sources */,
				B0DBFB8C201128A6009442F4 /* CoreDataStorage.swift in Sources */,
			);
			runOnlyForDeploymentPostprocessing = 0;
		};
		B0F0045A20054BC900D9B6D0 /* Sources */ = {
			isa = PBXSourcesBuildPhase;
			buildActionMask = 2147483647;
			files = (
				B00B53E7201132AE00A2301F /* Theme.swift in Sources */,
				B0E38D29201166A000542217 /* TodayEventTableViewCell.swift in Sources */,
				B0E38D2D20116A2400542217 /* Helpers.swift in Sources */,
				B0F0046320054BC900D9B6D0 /* TodayViewController.swift in Sources */,
			);
			runOnlyForDeploymentPostprocessing = 0;
		};
/* End PBXSourcesBuildPhase section */

/* Begin PBXTargetDependency section */
		B041F7791EF899F500A3E332 /* PBXTargetDependency */ = {
			isa = PBXTargetDependency;
			target = B041F7621EF899F500A3E332 /* Gifty */;
			targetProxy = B041F7781EF899F500A3E332 /* PBXContainerItemProxy */;
		};
		B041F7841EF899F500A3E332 /* PBXTargetDependency */ = {
			isa = PBXTargetDependency;
			target = B041F7621EF899F500A3E332 /* Gifty */;
			targetProxy = B041F7831EF899F500A3E332 /* PBXContainerItemProxy */;
		};
		B0DBFB82201127F6009442F4 /* PBXTargetDependency */ = {
			isa = PBXTargetDependency;
			target = B0DBFB7B201127F6009442F4 /* GiftyBridge */;
			targetProxy = B0DBFB81201127F6009442F4 /* PBXContainerItemProxy */;
		};
		B0F0046920054BC900D9B6D0 /* PBXTargetDependency */ = {
			isa = PBXTargetDependency;
			target = B0F0045D20054BC900D9B6D0 /* GiftyTodayExtension */;
			targetProxy = B0F0046820054BC900D9B6D0 /* PBXContainerItemProxy */;
		};
/* End PBXTargetDependency section */

/* Begin PBXVariantGroup section */
		B041F76F1EF899F500A3E332 /* LaunchScreen.storyboard */ = {
			isa = PBXVariantGroup;
			children = (
				B041F7701EF899F500A3E332 /* Base */,
			);
			name = LaunchScreen.storyboard;
			sourceTree = "<group>";
		};
		B0F0046420054BC900D9B6D0 /* MainInterface.storyboard */ = {
			isa = PBXVariantGroup;
			children = (
				B0F0046520054BC900D9B6D0 /* Base */,
			);
			name = MainInterface.storyboard;
			sourceTree = "<group>";
		};
/* End PBXVariantGroup section */

/* Begin XCBuildConfiguration section */
		B041F7891EF899F500A3E332 /* Debug */ = {
			isa = XCBuildConfiguration;
			buildSettings = {
				ALWAYS_SEARCH_USER_PATHS = NO;
				CLANG_ANALYZER_NONNULL = YES;
				CLANG_ANALYZER_NUMBER_OBJECT_CONVERSION = YES_AGGRESSIVE;
				CLANG_CXX_LANGUAGE_STANDARD = "gnu++0x";
				CLANG_CXX_LIBRARY = "libc++";
				CLANG_ENABLE_MODULES = YES;
				CLANG_ENABLE_OBJC_ARC = YES;
				CLANG_WARN_BLOCK_CAPTURE_AUTORELEASING = YES;
				CLANG_WARN_BOOL_CONVERSION = YES;
				CLANG_WARN_COMMA = YES;
				CLANG_WARN_CONSTANT_CONVERSION = YES;
				CLANG_WARN_DIRECT_OBJC_ISA_USAGE = YES_ERROR;
				CLANG_WARN_DOCUMENTATION_COMMENTS = YES;
				CLANG_WARN_EMPTY_BODY = YES;
				CLANG_WARN_ENUM_CONVERSION = YES;
				CLANG_WARN_INFINITE_RECURSION = YES;
				CLANG_WARN_INT_CONVERSION = YES;
				CLANG_WARN_NON_LITERAL_NULL_CONVERSION = YES;
				CLANG_WARN_OBJC_LITERAL_CONVERSION = YES;
				CLANG_WARN_OBJC_ROOT_CLASS = YES_ERROR;
				CLANG_WARN_RANGE_LOOP_ANALYSIS = YES;
				CLANG_WARN_STRICT_PROTOTYPES = YES;
				CLANG_WARN_SUSPICIOUS_MOVE = YES;
				CLANG_WARN_UNREACHABLE_CODE = YES;
				CLANG_WARN__DUPLICATE_METHOD_MATCH = YES;
				"CODE_SIGN_IDENTITY[sdk=iphoneos*]" = "iPhone Developer";
				COPY_PHASE_STRIP = NO;
				DEBUG_INFORMATION_FORMAT = dwarf;
				ENABLE_STRICT_OBJC_MSGSEND = YES;
				ENABLE_TESTABILITY = YES;
				GCC_C_LANGUAGE_STANDARD = gnu99;
				GCC_DYNAMIC_NO_PIC = NO;
				GCC_NO_COMMON_BLOCKS = YES;
				GCC_OPTIMIZATION_LEVEL = 0;
				GCC_PREPROCESSOR_DEFINITIONS = (
					"DEBUG=1",
					"$(inherited)",
				);
				GCC_WARN_64_TO_32_BIT_CONVERSION = YES;
				GCC_WARN_ABOUT_RETURN_TYPE = YES_ERROR;
				GCC_WARN_UNDECLARED_SELECTOR = YES;
				GCC_WARN_UNINITIALIZED_AUTOS = YES_AGGRESSIVE;
				GCC_WARN_UNUSED_FUNCTION = YES;
				GCC_WARN_UNUSED_VARIABLE = YES;
				IPHONEOS_DEPLOYMENT_TARGET = 11.2;
				MTL_ENABLE_DEBUG_INFO = YES;
				ONLY_ACTIVE_ARCH = YES;
				SDKROOT = iphoneos;
				SWIFT_ACTIVE_COMPILATION_CONDITIONS = DEBUG;
				SWIFT_OPTIMIZATION_LEVEL = "-Onone";
				TARGETED_DEVICE_FAMILY = "1,2";
			};
			name = Debug;
		};
		B041F78A1EF899F500A3E332 /* Release */ = {
			isa = XCBuildConfiguration;
			buildSettings = {
				ALWAYS_SEARCH_USER_PATHS = NO;
				CLANG_ANALYZER_NONNULL = YES;
				CLANG_ANALYZER_NUMBER_OBJECT_CONVERSION = YES_AGGRESSIVE;
				CLANG_CXX_LANGUAGE_STANDARD = "gnu++0x";
				CLANG_CXX_LIBRARY = "libc++";
				CLANG_ENABLE_MODULES = YES;
				CLANG_ENABLE_OBJC_ARC = YES;
				CLANG_WARN_BLOCK_CAPTURE_AUTORELEASING = YES;
				CLANG_WARN_BOOL_CONVERSION = YES;
				CLANG_WARN_COMMA = YES;
				CLANG_WARN_CONSTANT_CONVERSION = YES;
				CLANG_WARN_DIRECT_OBJC_ISA_USAGE = YES_ERROR;
				CLANG_WARN_DOCUMENTATION_COMMENTS = YES;
				CLANG_WARN_EMPTY_BODY = YES;
				CLANG_WARN_ENUM_CONVERSION = YES;
				CLANG_WARN_INFINITE_RECURSION = YES;
				CLANG_WARN_INT_CONVERSION = YES;
				CLANG_WARN_NON_LITERAL_NULL_CONVERSION = YES;
				CLANG_WARN_OBJC_LITERAL_CONVERSION = YES;
				CLANG_WARN_OBJC_ROOT_CLASS = YES_ERROR;
				CLANG_WARN_RANGE_LOOP_ANALYSIS = YES;
				CLANG_WARN_STRICT_PROTOTYPES = YES;
				CLANG_WARN_SUSPICIOUS_MOVE = YES;
				CLANG_WARN_UNREACHABLE_CODE = YES;
				CLANG_WARN__DUPLICATE_METHOD_MATCH = YES;
				"CODE_SIGN_IDENTITY[sdk=iphoneos*]" = "iPhone Developer";
				COPY_PHASE_STRIP = NO;
				DEBUG_INFORMATION_FORMAT = "dwarf-with-dsym";
				ENABLE_NS_ASSERTIONS = NO;
				ENABLE_STRICT_OBJC_MSGSEND = YES;
				GCC_C_LANGUAGE_STANDARD = gnu99;
				GCC_NO_COMMON_BLOCKS = YES;
				GCC_WARN_64_TO_32_BIT_CONVERSION = YES;
				GCC_WARN_ABOUT_RETURN_TYPE = YES_ERROR;
				GCC_WARN_UNDECLARED_SELECTOR = YES;
				GCC_WARN_UNINITIALIZED_AUTOS = YES_AGGRESSIVE;
				GCC_WARN_UNUSED_FUNCTION = YES;
				GCC_WARN_UNUSED_VARIABLE = YES;
				IPHONEOS_DEPLOYMENT_TARGET = 11.2;
				MTL_ENABLE_DEBUG_INFO = NO;
				SDKROOT = iphoneos;
				SWIFT_OPTIMIZATION_LEVEL = "-Owholemodule";
				TARGETED_DEVICE_FAMILY = "1,2";
				VALIDATE_PRODUCT = YES;
			};
			name = Release;
		};
		B041F78C1EF899F500A3E332 /* Debug */ = {
			isa = XCBuildConfiguration;
			baseConfigurationReference = DFE808D0507F6B5715849CB5 /* Pods-Gifty.debug.xcconfig */;
			buildSettings = {
				ALWAYS_EMBED_SWIFT_STANDARD_LIBRARIES = YES;
				APPLICATION_EXTENSION_API_ONLY = NO;
				ASSETCATALOG_COMPILER_APPICON_NAME = AppIcon;
				CODE_SIGN_ENTITLEMENTS = Gifty/Gifty.entitlements;
				CODE_SIGN_IDENTITY = "iPhone Developer";
				DEVELOPMENT_TEAM = 2733C6P24Y;
				INFOPLIST_FILE = Gifty/Info.plist;
				LD_RUNPATH_SEARCH_PATHS = "$(inherited) @executable_path/Frameworks";
				PRODUCT_BUNDLE_IDENTIFIER = com.tapp.timbeals.Gifty;
				PRODUCT_NAME = "$(TARGET_NAME)";
				SWIFT_OBJC_BRIDGING_HEADER = Gifty/BridgingHeader.h;
				SWIFT_SWIFT3_OBJC_INFERENCE = Default;
				SWIFT_VERSION = 4.0;
			};
			name = Debug;
		};
		B041F78D1EF899F500A3E332 /* Release */ = {
			isa = XCBuildConfiguration;
			baseConfigurationReference = 168833BE887AA8C64532C8D8 /* Pods-Gifty.release.xcconfig */;
			buildSettings = {
				ALWAYS_EMBED_SWIFT_STANDARD_LIBRARIES = YES;
				APPLICATION_EXTENSION_API_ONLY = NO;
				ASSETCATALOG_COMPILER_APPICON_NAME = AppIcon;
				CODE_SIGN_ENTITLEMENTS = Gifty/Gifty.entitlements;
				CODE_SIGN_IDENTITY = "iPhone Developer";
				DEVELOPMENT_TEAM = 2733C6P24Y;
				INFOPLIST_FILE = Gifty/Info.plist;
				LD_RUNPATH_SEARCH_PATHS = "$(inherited) @executable_path/Frameworks";
				PRODUCT_BUNDLE_IDENTIFIER = com.tapp.timbeals.Gifty;
				PRODUCT_NAME = "$(TARGET_NAME)";
				SWIFT_OBJC_BRIDGING_HEADER = Gifty/BridgingHeader.h;
				SWIFT_SWIFT3_OBJC_INFERENCE = Default;
				SWIFT_VERSION = 4.0;
			};
			name = Release;
		};
		B041F78F1EF899F500A3E332 /* Debug */ = {
			isa = XCBuildConfiguration;
			baseConfigurationReference = 840BF037763567376C3007C0 /* Pods-GiftyTests.debug.xcconfig */;
			buildSettings = {
				ALWAYS_EMBED_SWIFT_STANDARD_LIBRARIES = YES;
				BUNDLE_LOADER = "$(TEST_HOST)";
				DEVELOPMENT_TEAM = 2733C6P24Y;
				INFOPLIST_FILE = GiftyTests/Info.plist;
				LD_RUNPATH_SEARCH_PATHS = "$(inherited) @executable_path/Frameworks @loader_path/Frameworks";
				PRODUCT_BUNDLE_IDENTIFIER = com.tapp.timbeals.GiftyTests;
				PRODUCT_NAME = "$(TARGET_NAME)";
				SWIFT_SWIFT3_OBJC_INFERENCE = Default;
				SWIFT_VERSION = 4.0;
				TEST_HOST = "$(BUILT_PRODUCTS_DIR)/Gifty.app/Gifty";
			};
			name = Debug;
		};
		B041F7901EF899F500A3E332 /* Release */ = {
			isa = XCBuildConfiguration;
			baseConfigurationReference = CF30C550C51DFC2BA7982DFC /* Pods-GiftyTests.release.xcconfig */;
			buildSettings = {
				ALWAYS_EMBED_SWIFT_STANDARD_LIBRARIES = YES;
				BUNDLE_LOADER = "$(TEST_HOST)";
				DEVELOPMENT_TEAM = 2733C6P24Y;
				INFOPLIST_FILE = GiftyTests/Info.plist;
				LD_RUNPATH_SEARCH_PATHS = "$(inherited) @executable_path/Frameworks @loader_path/Frameworks";
				PRODUCT_BUNDLE_IDENTIFIER = com.tapp.timbeals.GiftyTests;
				PRODUCT_NAME = "$(TARGET_NAME)";
				SWIFT_SWIFT3_OBJC_INFERENCE = Default;
				SWIFT_VERSION = 4.0;
				TEST_HOST = "$(BUILT_PRODUCTS_DIR)/Gifty.app/Gifty";
			};
			name = Release;
		};
		B041F7921EF899F500A3E332 /* Debug */ = {
			isa = XCBuildConfiguration;
			baseConfigurationReference = 2E770403E869EB3F8A5DE760 /* Pods-GiftyUITests.debug.xcconfig */;
			buildSettings = {
				ALWAYS_EMBED_SWIFT_STANDARD_LIBRARIES = YES;
				DEVELOPMENT_TEAM = 2733C6P24Y;
				INFOPLIST_FILE = GiftyUITests/Info.plist;
				LD_RUNPATH_SEARCH_PATHS = "$(inherited) @executable_path/Frameworks @loader_path/Frameworks";
				PRODUCT_BUNDLE_IDENTIFIER = com.tapp.timbeals.GiftyUITests;
				PRODUCT_NAME = "$(TARGET_NAME)";
				SWIFT_SWIFT3_OBJC_INFERENCE = Default;
				SWIFT_VERSION = 4.0;
				TEST_TARGET_NAME = Gifty;
			};
			name = Debug;
		};
		B041F7931EF899F500A3E332 /* Release */ = {
			isa = XCBuildConfiguration;
			baseConfigurationReference = 386FB104C6CB606AE6CC98AA /* Pods-GiftyUITests.release.xcconfig */;
			buildSettings = {
				ALWAYS_EMBED_SWIFT_STANDARD_LIBRARIES = YES;
				DEVELOPMENT_TEAM = 2733C6P24Y;
				INFOPLIST_FILE = GiftyUITests/Info.plist;
				LD_RUNPATH_SEARCH_PATHS = "$(inherited) @executable_path/Frameworks @loader_path/Frameworks";
				PRODUCT_BUNDLE_IDENTIFIER = com.tapp.timbeals.GiftyUITests;
				PRODUCT_NAME = "$(TARGET_NAME)";
				SWIFT_SWIFT3_OBJC_INFERENCE = Default;
				SWIFT_VERSION = 4.0;
				TEST_TARGET_NAME = Gifty;
			};
			name = Release;
		};
		B0DBFB86201127F6009442F4 /* Debug */ = {
			isa = XCBuildConfiguration;
			buildSettings = {
				APPLICATION_EXTENSION_API_ONLY = YES;
				CLANG_CXX_LANGUAGE_STANDARD = "gnu++14";
				CLANG_WARN_UNGUARDED_AVAILABILITY = YES_AGGRESSIVE;
				CODE_SIGN_IDENTITY = "iPhone Developer";
				"CODE_SIGN_IDENTITY[sdk=iphoneos*]" = "";
				CODE_SIGN_STYLE = Automatic;
				CURRENT_PROJECT_VERSION = 1;
				DEFINES_MODULE = YES;
				DEVELOPMENT_TEAM = 2733C6P24Y;
				DYLIB_COMPATIBILITY_VERSION = 1;
				DYLIB_CURRENT_VERSION = 1;
				DYLIB_INSTALL_NAME_BASE = "@rpath";
				GCC_C_LANGUAGE_STANDARD = gnu11;
				INFOPLIST_FILE = GiftyBridge/Info.plist;
				INSTALL_PATH = "$(LOCAL_LIBRARY_DIR)/Frameworks";
				IPHONEOS_DEPLOYMENT_TARGET = 11.2;
				LD_RUNPATH_SEARCH_PATHS = "$(inherited) @executable_path/Frameworks @loader_path/Frameworks";
				PRODUCT_BUNDLE_IDENTIFIER = com.tapp.timbeals.GiftyBridge;
				PRODUCT_NAME = "$(TARGET_NAME:c99extidentifier)";
				SKIP_INSTALL = YES;
				SWIFT_VERSION = 4.0;
				TARGETED_DEVICE_FAMILY = "1,2";
				VERSIONING_SYSTEM = "apple-generic";
				VERSION_INFO_PREFIX = "";
			};
			name = Debug;
		};
		B0DBFB87201127F6009442F4 /* Release */ = {
			isa = XCBuildConfiguration;
			buildSettings = {
				APPLICATION_EXTENSION_API_ONLY = YES;
				CLANG_CXX_LANGUAGE_STANDARD = "gnu++14";
				CLANG_WARN_UNGUARDED_AVAILABILITY = YES_AGGRESSIVE;
				CODE_SIGN_IDENTITY = "iPhone Developer";
				"CODE_SIGN_IDENTITY[sdk=iphoneos*]" = "";
				CODE_SIGN_STYLE = Automatic;
				CURRENT_PROJECT_VERSION = 1;
				DEFINES_MODULE = YES;
				DEVELOPMENT_TEAM = 2733C6P24Y;
				DYLIB_COMPATIBILITY_VERSION = 1;
				DYLIB_CURRENT_VERSION = 1;
				DYLIB_INSTALL_NAME_BASE = "@rpath";
				GCC_C_LANGUAGE_STANDARD = gnu11;
				INFOPLIST_FILE = GiftyBridge/Info.plist;
				INSTALL_PATH = "$(LOCAL_LIBRARY_DIR)/Frameworks";
				IPHONEOS_DEPLOYMENT_TARGET = 11.2;
				LD_RUNPATH_SEARCH_PATHS = "$(inherited) @executable_path/Frameworks @loader_path/Frameworks";
				PRODUCT_BUNDLE_IDENTIFIER = com.tapp.timbeals.GiftyBridge;
				PRODUCT_NAME = "$(TARGET_NAME:c99extidentifier)";
				SKIP_INSTALL = YES;
				SWIFT_VERSION = 4.0;
				TARGETED_DEVICE_FAMILY = "1,2";
				VERSIONING_SYSTEM = "apple-generic";
				VERSION_INFO_PREFIX = "";
			};
			name = Release;
		};
		B0F0046B20054BC900D9B6D0 /* Debug */ = {
			isa = XCBuildConfiguration;
			buildSettings = {
				CLANG_CXX_LANGUAGE_STANDARD = "gnu++14";
				CLANG_WARN_UNGUARDED_AVAILABILITY = YES_AGGRESSIVE;
				CODE_SIGN_ENTITLEMENTS = GiftyTodayExtension/GiftyTodayExtension.entitlements;
				CODE_SIGN_IDENTITY = "iPhone Developer";
				CODE_SIGN_STYLE = Automatic;
				DEVELOPMENT_TEAM = 2733C6P24Y;
				GCC_C_LANGUAGE_STANDARD = gnu11;
				INFOPLIST_FILE = GiftyTodayExtension/Info.plist;
				IPHONEOS_DEPLOYMENT_TARGET = 11.2;
				LD_RUNPATH_SEARCH_PATHS = "$(inherited) @executable_path/Frameworks @executable_path/../../Frameworks";
				PRODUCT_BUNDLE_IDENTIFIER = com.tapp.timbeals.Gifty.GiftyTodayExtension;
				PRODUCT_NAME = "$(TARGET_NAME)";
				SKIP_INSTALL = YES;
				SWIFT_VERSION = 4.0;
				TARGETED_DEVICE_FAMILY = "1,2";
			};
			name = Debug;
		};
		B0F0046C20054BC900D9B6D0 /* Release */ = {
			isa = XCBuildConfiguration;
			buildSettings = {
				CLANG_CXX_LANGUAGE_STANDARD = "gnu++14";
				CLANG_WARN_UNGUARDED_AVAILABILITY = YES_AGGRESSIVE;
				CODE_SIGN_ENTITLEMENTS = GiftyTodayExtension/GiftyTodayExtension.entitlements;
				CODE_SIGN_IDENTITY = "iPhone Developer";
				CODE_SIGN_STYLE = Automatic;
				DEVELOPMENT_TEAM = 2733C6P24Y;
				GCC_C_LANGUAGE_STANDARD = gnu11;
				INFOPLIST_FILE = GiftyTodayExtension/Info.plist;
				IPHONEOS_DEPLOYMENT_TARGET = 11.2;
				LD_RUNPATH_SEARCH_PATHS = "$(inherited) @executable_path/Frameworks @executable_path/../../Frameworks";
				PRODUCT_BUNDLE_IDENTIFIER = com.tapp.timbeals.Gifty.GiftyTodayExtension;
				PRODUCT_NAME = "$(TARGET_NAME)";
				SKIP_INSTALL = YES;
				SWIFT_VERSION = 4.0;
				TARGETED_DEVICE_FAMILY = "1,2";
			};
			name = Release;
		};
/* End XCBuildConfiguration section */

/* Begin XCConfigurationList section */
		B041F75E1EF899F500A3E332 /* Build configuration list for PBXProject "Gifty" */ = {
			isa = XCConfigurationList;
			buildConfigurations = (
				B041F7891EF899F500A3E332 /* Debug */,
				B041F78A1EF899F500A3E332 /* Release */,
			);
			defaultConfigurationIsVisible = 0;
			defaultConfigurationName = Release;
		};
		B041F78B1EF899F500A3E332 /* Build configuration list for PBXNativeTarget "Gifty" */ = {
			isa = XCConfigurationList;
			buildConfigurations = (
				B041F78C1EF899F500A3E332 /* Debug */,
				B041F78D1EF899F500A3E332 /* Release */,
			);
			defaultConfigurationIsVisible = 0;
			defaultConfigurationName = Release;
		};
		B041F78E1EF899F500A3E332 /* Build configuration list for PBXNativeTarget "GiftyTests" */ = {
			isa = XCConfigurationList;
			buildConfigurations = (
				B041F78F1EF899F500A3E332 /* Debug */,
				B041F7901EF899F500A3E332 /* Release */,
			);
			defaultConfigurationIsVisible = 0;
			defaultConfigurationName = Release;
		};
		B041F7911EF899F500A3E332 /* Build configuration list for PBXNativeTarget "GiftyUITests" */ = {
			isa = XCConfigurationList;
			buildConfigurations = (
				B041F7921EF899F500A3E332 /* Debug */,
				B041F7931EF899F500A3E332 /* Release */,
			);
			defaultConfigurationIsVisible = 0;
			defaultConfigurationName = Release;
		};
		B0DBFB85201127F6009442F4 /* Build configuration list for PBXNativeTarget "GiftyBridge" */ = {
			isa = XCConfigurationList;
			buildConfigurations = (
				B0DBFB86201127F6009442F4 /* Debug */,
				B0DBFB87201127F6009442F4 /* Release */,
			);
			defaultConfigurationIsVisible = 0;
			defaultConfigurationName = Release;
		};
		B0F0046D20054BC900D9B6D0 /* Build configuration list for PBXNativeTarget "GiftyTodayExtension" */ = {
			isa = XCConfigurationList;
			buildConfigurations = (
				B0F0046B20054BC900D9B6D0 /* Debug */,
				B0F0046C20054BC900D9B6D0 /* Release */,
			);
			defaultConfigurationIsVisible = 0;
			defaultConfigurationName = Release;
		};
/* End XCConfigurationList section */

/* Begin XCVersionGroup section */
		B0CA63221F0D70EB00C1A2B1 /* PersonEventModel.xcdatamodeld */ = {
			isa = XCVersionGroup;
			children = (
				B0CA63231F0D70EB00C1A2B1 /* PersonEventModel.xcdatamodel */,
			);
			currentVersion = B0CA63231F0D70EB00C1A2B1 /* PersonEventModel.xcdatamodel */;
			path = PersonEventModel.xcdatamodeld;
			sourceTree = "<group>";
			versionGroupType = wrapper.xcdatamodel;
		};
/* End XCVersionGroup section */
	};
	rootObject = B041F75B1EF899F500A3E332 /* Project object */;
}
