// !$*UTF8*$!
{
	archiveVersion = 1;
	classes = {
	};
	objectVersion = 46;
	objects = {

/* Begin PBXBuildFile section */
		B041F7671EF899F500A3E332 /* AppDelegate.swift in Sources */ = {isa = PBXBuildFile; fileRef = B041F7661EF899F500A3E332 /* AppDelegate.swift */; };
		B041F7691EF899F500A3E332 /* ViewController.swift in Sources */ = {isa = PBXBuildFile; fileRef = B041F7681EF899F500A3E332 /* ViewController.swift */; };
		B041F76E1EF899F500A3E332 /* Assets.xcassets in Resources */ = {isa = PBXBuildFile; fileRef = B041F76D1EF899F500A3E332 /* Assets.xcassets */; };
		B041F7711EF899F500A3E332 /* LaunchScreen.storyboard in Resources */ = {isa = PBXBuildFile; fileRef = B041F76F1EF899F500A3E332 /* LaunchScreen.storyboard */; };
		B041F77C1EF899F500A3E332 /* GiftyTests.swift in Sources */ = {isa = PBXBuildFile; fileRef = B041F77B1EF899F500A3E332 /* GiftyTests.swift */; };
		B041F7871EF899F500A3E332 /* GiftyUITests.swift in Sources */ = {isa = PBXBuildFile; fileRef = B041F7861EF899F500A3E332 /* GiftyUITests.swift */; };
/* End PBXBuildFile section */

/* Begin PBXContainerItemProxy section */
		B041F7781EF899F500A3E332 /* PBXContainerItemProxy */ = {
			isa = PBXContainerItemProxy;
			containerPortal = B041F75B1EF899F500A3E332 /* Project object */;
			proxyType = 1;
			remoteGlobalIDString = B041F7621EF899F500A3E332;
			remoteInfo = Gifty;
		};
		B041F7831EF899F500A3E332 /* PBXContainerItemProxy */ = {
			isa = PBXContainerItemProxy;
			containerPortal = B041F75B1EF899F500A3E332 /* Project object */;
			proxyType = 1;
			remoteGlobalIDString = B041F7621EF899F500A3E332;
			remoteInfo = Gifty;
		};
/* End PBXContainerItemProxy section */

/* Begin PBXFileReference section */
		B041F7631EF899F500A3E332 /* Gifty.app */ = {isa = PBXFileReference; explicitFileType = wrapper.application; includeInIndex = 0; path = Gifty.app; sourceTree = BUILT_PRODUCTS_DIR; };
		B041F7661EF899F500A3E332 /* AppDelegate.swift */ = {isa = PBXFileReference; lastKnownFileType = sourcecode.swift; path = AppDelegate.swift; sourceTree = "<group>"; };
		B041F7681EF899F500A3E332 /* ViewController.swift */ = {isa = PBXFileReference; lastKnownFileType = sourcecode.swift; path = ViewController.swift; sourceTree = "<group>"; };
		B041F76D1EF899F500A3E332 /* Assets.xcassets */ = {isa = PBXFileReference; lastKnownFileType = folder.assetcatalog; path = Assets.xcassets; sourceTree = "<group>"; };
		B041F7701EF899F500A3E332 /* Base */ = {isa = PBXFileReference; lastKnownFileType = file.storyboard; name = Base; path = Base.lproj/LaunchScreen.storyboard; sourceTree = "<group>"; };
		B041F7721EF899F500A3E332 /* Info.plist */ = {isa = PBXFileReference; lastKnownFileType = text.plist.xml; path = Info.plist; sourceTree = "<group>"; };
		B041F7771EF899F500A3E332 /* GiftyTests.xctest */ = {isa = PBXFileReference; explicitFileType = wrapper.cfbundle; includeInIndex = 0; path = GiftyTests.xctest; sourceTree = BUILT_PRODUCTS_DIR; };
		B041F77B1EF899F500A3E332 /* GiftyTests.swift */ = {isa = PBXFileReference; lastKnownFileType = sourcecode.swift; path = GiftyTests.swift; sourceTree = "<group>"; };
		B041F77D1EF899F500A3E332 /* Info.plist */ = {isa = PBXFileReference; lastKnownFileType = text.plist.xml; path = Info.plist; sourceTree = "<group>"; };
		B041F7821EF899F500A3E332 /* GiftyUITests.xctest */ = {isa = PBXFileReference; explicitFileType = wrapper.cfbundle; includeInIndex = 0; path = GiftyUITests.xctest; sourceTree = BUILT_PRODUCTS_DIR; };
		B041F7861EF899F500A3E332 /* GiftyUITests.swift */ = {isa = PBXFileReference; lastKnownFileType = sourcecode.swift; path = GiftyUITests.swift; sourceTree = "<group>"; };
		B041F7881EF899F500A3E332 /* Info.plist */ = {isa = PBXFileReference; lastKnownFileType = text.plist.xml; path = Info.plist; sourceTree = "<group>"; };
/* End PBXFileReference section */

/* Begin PBXFrameworksBuildPhase section */
		B041F7601EF899F500A3E332 /* Frameworks */ = {
			isa = PBXFrameworksBuildPhase;
			buildActionMask = 2147483647;
			files = (
			);
			runOnlyForDeploymentPostprocessing = 0;
		};
		B041F7741EF899F500A3E332 /* Frameworks */ = {
			isa = PBXFrameworksBuildPhase;
			buildActionMask = 2147483647;
			files = (
			);
			runOnlyForDeploymentPostprocessing = 0;
		};
		B041F77F1EF899F500A3E332 /* Frameworks */ = {
			isa = PBXFrameworksBuildPhase;
			buildActionMask = 2147483647;
			files = (
			);
			runOnlyForDeploymentPostprocessing = 0;
		};
/* End PBXFrameworksBuildPhase section */

/* Begin PBXGroup section */
		B041F75A1EF899F500A3E332 = {
			isa = PBXGroup;
			children = (
				B041F7651EF899F500A3E332 /* Gifty */,
				B041F77A1EF899F500A3E332 /* GiftyTests */,
				B041F7851EF899F500A3E332 /* GiftyUITests */,
				B041F7641EF899F500A3E332 /* Products */,
			);
			sourceTree = "<group>";
		};
		B041F7641EF899F500A3E332 /* Products */ = {
			isa = PBXGroup;
			children = (
				B041F7631EF899F500A3E332 /* Gifty.app */,
				B041F7771EF899F500A3E332 /* GiftyTests.xctest */,
				B041F7821EF899F500A3E332 /* GiftyUITests.xctest */,
			);
			name = Products;
			sourceTree = "<group>";
		};
		B041F7651EF899F500A3E332 /* Gifty */ = {
			isa = PBXGroup;
			children = (
				B041F7961EF89A0D00A3E332 /* Model */,
				B041F7951EF89A0A00A3E332 /* View */,
				B041F7941EF89A0800A3E332 /* Controller */,
				B041F76D1EF899F500A3E332 /* Assets.xcassets */,
				B041F76F1EF899F500A3E332 /* LaunchScreen.storyboard */,
				B041F7721EF899F500A3E332 /* Info.plist */,
			);
			path = Gifty;
			sourceTree = "<group>";
		};
		B041F77A1EF899F500A3E332 /* GiftyTests */ = {
			isa = PBXGroup;
			children = (
				B041F77B1EF899F500A3E332 /* GiftyTests.swift */,
				B041F77D1EF899F500A3E332 /* Info.plist */,
			);
			path = GiftyTests;
			sourceTree = "<group>";
		};
		B041F7851EF899F500A3E332 /* GiftyUITests */ = {
			isa = PBXGroup;
			children = (
				B041F7861EF899F500A3E332 /* GiftyUITests.swift */,
				B041F7881EF899F500A3E332 /* Info.plist */,
			);
			path = GiftyUITests;
			sourceTree = "<group>";
		};
		B041F7941EF89A0800A3E332 /* Controller */ = {
			isa = PBXGroup;
			children = (
				B041F7681EF899F500A3E332 /* ViewController.swift */,
			);
			name = Controller;
			sourceTree = "<group>";
		};
		B041F7951EF89A0A00A3E332 /* View */ = {
			isa = PBXGroup;
			children = (
			);
			name = View;
			sourceTree = "<group>";
		};
		B041F7961EF89A0D00A3E332 /* Model */ = {
			isa = PBXGroup;
			children = (
				B041F7661EF899F500A3E332 /* AppDelegate.swift */,
			);
			name = Model;
			sourceTree = "<group>";
		};
/* End PBXGroup section */

/* Begin PBXNativeTarget section */
		B041F7621EF899F500A3E332 /* Gifty */ = {
			isa = PBXNativeTarget;
			buildConfigurationList = B041F78B1EF899F500A3E332 /* Build configuration list for PBXNativeTarget "Gifty" */;
			buildPhases = (
				B041F75F1EF899F500A3E332 /* Sources */,
				B041F7601EF899F500A3E332 /* Frameworks */,
				B041F7611EF899F500A3E332 /* Resources */,
			);
			buildRules = (
			);
			dependencies = (
			);
			name = Gifty;
			productName = Gifty;
			productReference = B041F7631EF899F500A3E332 /* Gifty.app */;
			productType = "com.apple.product-type.application";
		};
		B041F7761EF899F500A3E332 /* GiftyTests */ = {
			isa = PBXNativeTarget;
			buildConfigurationList = B041F78E1EF899F500A3E332 /* Build configuration list for PBXNativeTarget "GiftyTests" */;
			buildPhases = (
				B041F7731EF899F500A3E332 /* Sources */,
				B041F7741EF899F500A3E332 /* Frameworks */,
				B041F7751EF899F500A3E332 /* Resources */,
			);
			buildRules = (
			);
			dependencies = (
				B041F7791EF899F500A3E332 /* PBXTargetDependency */,
			);
			name = GiftyTests;
			productName = GiftyTests;
			productReference = B041F7771EF899F500A3E332 /* GiftyTests.xctest */;
			productType = "com.apple.product-type.bundle.unit-test";
		};
		B041F7811EF899F500A3E332 /* GiftyUITests */ = {
			isa = PBXNativeTarget;
			buildConfigurationList = B041F7911EF899F500A3E332 /* Build configuration list for PBXNativeTarget "GiftyUITests" */;
			buildPhases = (
				B041F77E1EF899F500A3E332 /* Sources */,
				B041F77F1EF899F500A3E332 /* Frameworks */,
				B041F7801EF899F500A3E332 /* Resources */,
			);
			buildRules = (
			);
			dependencies = (
				B041F7841EF899F500A3E332 /* PBXTargetDependency */,
			);
			name = GiftyUITests;
			productName = GiftyUITests;
			productReference = B041F7821EF899F500A3E332 /* GiftyUITests.xctest */;
			productType = "com.apple.product-type.bundle.ui-testing";
		};
/* End PBXNativeTarget section */

/* Begin PBXProject section */
		B041F75B1EF899F500A3E332 /* Project object */ = {
			isa = PBXProject;
			attributes = {
				LastSwiftUpdateCheck = 0830;
				LastUpgradeCheck = 0830;
				ORGANIZATIONNAME = "Tim Beals";
				TargetAttributes = {
					B041F7621EF899F500A3E332 = {
						CreatedOnToolsVersion = 8.3.3;
						DevelopmentTeam = 2733C6P24Y;
						ProvisioningStyle = Automatic;
					};
					B041F7761EF899F500A3E332 = {
						CreatedOnToolsVersion = 8.3.3;
						DevelopmentTeam = 2733C6P24Y;
						ProvisioningStyle = Automatic;
						TestTargetID = B041F7621EF899F500A3E332;
					};
					B041F7811EF899F500A3E332 = {
						CreatedOnToolsVersion = 8.3.3;
						DevelopmentTeam = 2733C6P24Y;
						ProvisioningStyle = Automatic;
						TestTargetID = B041F7621EF899F500A3E332;
					};
				};
			};
			buildConfigurationList = B041F75E1EF899F500A3E332 /* Build configuration list for PBXProject "Gifty" */;
			compatibilityVersion = "Xcode 3.2";
			developmentRegion = English;
			hasScannedForEncodings = 0;
			knownRegions = (
				en,
				Base,
			);
			mainGroup = B041F75A1EF899F500A3E332;
			productRefGroup = B041F7641EF899F500A3E332 /* Products */;
			projectDirPath = "";
			projectRoot = "";
			targets = (
				B041F7621EF899F500A3E332 /* Gifty */,
				B041F7761EF899F500A3E332 /* GiftyTests */,
				B041F7811EF899F500A3E332 /* GiftyUITests */,
			);
		};
/* End PBXProject section */

/* Begin PBXResourcesBuildPhase section */
		B041F7611EF899F500A3E332 /* Resources */ = {
			isa = PBXResourcesBuildPhase;
			buildActionMask = 2147483647;
			files = (
				B041F7711EF899F500A3E332 /* LaunchScreen.storyboard in Resources */,
				B041F76E1EF899F500A3E332 /* Assets.xcassets in Resources */,
			);
			runOnlyForDeploymentPostprocessing = 0;
		};
		B041F7751EF899F500A3E332 /* Resources */ = {
			isa = PBXResourcesBuildPhase;
			buildActionMask = 2147483647;
			files = (
			);
			runOnlyForDeploymentPostprocessing = 0;
		};
		B041F7801EF899F500A3E332 /* Resources */ = {
			isa = PBXResourcesBuildPhase;
			buildActionMask = 2147483647;
			files = (
			);
			runOnlyForDeploymentPostprocessing = 0;
		};
/* End PBXResourcesBuildPhase section */

/* Begin PBXSourcesBuildPhase section */
		B041F75F1EF899F500A3E332 /* Sources */ = {
			isa = PBXSourcesBuildPhase;
			buildActionMask = 2147483647;
			files = (
				B041F7691EF899F500A3E332 /* ViewController.swift in Sources */,
				B041F7671EF899F500A3E332 /* AppDelegate.swift in Sources */,
			);
			runOnlyForDeploymentPostprocessing = 0;
		};
		B041F7731EF899F500A3E332 /* Sources */ = {
			isa = PBXSourcesBuildPhase;
			buildActionMask = 2147483647;
			files = (
				B041F77C1EF899F500A3E332 /* GiftyTests.swift in Sources */,
			);
			runOnlyForDeploymentPostprocessing = 0;
		};
		B041F77E1EF899F500A3E332 /* Sources */ = {
			isa = PBXSourcesBuildPhase;
			buildActionMask = 2147483647;
			files = (
				B041F7871EF899F500A3E332 /* GiftyUITests.swift in Sources */,
			);
			runOnlyForDeploymentPostprocessing = 0;
		};
/* End PBXSourcesBuildPhase section */

/* Begin PBXTargetDependency section */
		B041F7791EF899F500A3E332 /* PBXTargetDependency */ = {
			isa = PBXTargetDependency;
			target = B041F7621EF899F500A3E332 /* Gifty */;
			targetProxy = B041F7781EF899F500A3E332 /* PBXContainerItemProxy */;
		};
		B041F7841EF899F500A3E332 /* PBXTargetDependency */ = {
			isa = PBXTargetDependency;
			target = B041F7621EF899F500A3E332 /* Gifty */;
			targetProxy = B041F7831EF899F500A3E332 /* PBXContainerItemProxy */;
		};
/* End PBXTargetDependency section */

/* Begin PBXVariantGroup section */
		B041F76F1EF899F500A3E332 /* LaunchScreen.storyboard */ = {
			isa = PBXVariantGroup;
			children = (
				B041F7701EF899F500A3E332 /* Base */,
			);
			name = LaunchScreen.storyboard;
			sourceTree = "<group>";
		};
/* End PBXVariantGroup section */

/* Begin XCBuildConfiguration section */
		B041F7891EF899F500A3E332 /* Debug */ = {
			isa = XCBuildConfiguration;
			buildSettings = {
				ALWAYS_SEARCH_USER_PATHS = NO;
				CLANG_ANALYZER_NONNULL = YES;
				CLANG_ANALYZER_NUMBER_OBJECT_CONVERSION = YES_AGGRESSIVE;
				CLANG_CXX_LANGUAGE_STANDARD = "gnu++0x";
				CLANG_CXX_LIBRARY = "libc++";
				CLANG_ENABLE_MODULES = YES;
				CLANG_ENABLE_OBJC_ARC = YES;
				CLANG_WARN_BOOL_CONVERSION = YES;
				CLANG_WARN_CONSTANT_CONVERSION = YES;
				CLANG_WARN_DIRECT_OBJC_ISA_USAGE = YES_ERROR;
				CLANG_WARN_DOCUMENTATION_COMMENTS = YES;
				CLANG_WARN_EMPTY_BODY = YES;
				CLANG_WARN_ENUM_CONVERSION = YES;
				CLANG_WARN_INFINITE_RECURSION = YES;
				CLANG_WARN_INT_CONVERSION = YES;
				CLANG_WARN_OBJC_ROOT_CLASS = YES_ERROR;
				CLANG_WARN_SUSPICIOUS_MOVE = YES;
				CLANG_WARN_UNREACHABLE_CODE = YES;
				CLANG_WARN__DUPLICATE_METHOD_MATCH = YES;
				"CODE_SIGN_IDENTITY[sdk=iphoneos*]" = "iPhone Developer";
				COPY_PHASE_STRIP = NO;
				DEBUG_INFORMATION_FORMAT = dwarf;
				ENABLE_STRICT_OBJC_MSGSEND = YES;
				ENABLE_TESTABILITY = YES;
				GCC_C_LANGUAGE_STANDARD = gnu99;
				GCC_DYNAMIC_NO_PIC = NO;
				GCC_NO_COMMON_BLOCKS = YES;
				GCC_OPTIMIZATION_LEVEL = 0;
				GCC_PREPROCESSOR_DEFINITIONS = (
					"DEBUG=1",
					"$(inherited)",
				);
				GCC_WARN_64_TO_32_BIT_CONVERSION = YES;
				GCC_WARN_ABOUT_RETURN_TYPE = YES_ERROR;
				GCC_WARN_UNDECLARED_SELECTOR = YES;
				GCC_WARN_UNINITIALIZED_AUTOS = YES_AGGRESSIVE;
				GCC_WARN_UNUSED_FUNCTION = YES;
				GCC_WARN_UNUSED_VARIABLE = YES;
				IPHONEOS_DEPLOYMENT_TARGET = 10.3;
				MTL_ENABLE_DEBUG_INFO = YES;
				ONLY_ACTIVE_ARCH = YES;
				SDKROOT = iphoneos;
				SWIFT_ACTIVE_COMPILATION_CONDITIONS = DEBUG;
				SWIFT_OPTIMIZATION_LEVEL = "-Onone";
				TARGETED_DEVICE_FAMILY = "1,2";
			};
			name = Debug;
		};
		B041F78A1EF899F500A3E332 /* Release */ = {
			isa = XCBuildConfiguration;
			buildSettings = {
				ALWAYS_SEARCH_USER_PATHS = NO;
				CLANG_ANALYZER_NONNULL = YES;
				CLANG_ANALYZER_NUMBER_OBJECT_CONVERSION = YES_AGGRESSIVE;
				CLANG_CXX_LANGUAGE_STANDARD = "gnu++0x";
				CLANG_CXX_LIBRARY = "libc++";
				CLANG_ENABLE_MODULES = YES;
				CLANG_ENABLE_OBJC_ARC = YES;
				CLANG_WARN_BOOL_CONVERSION = YES;
				CLANG_WARN_CONSTANT_CONVERSION = YES;
				CLANG_WARN_DIRECT_OBJC_ISA_USAGE = YES_ERROR;
				CLANG_WARN_DOCUMENTATION_COMMENTS = YES;
				CLANG_WARN_EMPTY_BODY = YES;
				CLANG_WARN_ENUM_CONVERSION = YES;
				CLANG_WARN_INFINITE_RECURSION = YES;
				CLANG_WARN_INT_CONVERSION = YES;
				CLANG_WARN_OBJC_ROOT_CLASS = YES_ERROR;
				CLANG_WARN_SUSPICIOUS_MOVE = YES;
				CLANG_WARN_UNREACHABLE_CODE = YES;
				CLANG_WARN__DUPLICATE_METHOD_MATCH = YES;
				"CODE_SIGN_IDENTITY[sdk=iphoneos*]" = "iPhone Developer";
				COPY_PHASE_STRIP = NO;
				DEBUG_INFORMATION_FORMAT = "dwarf-with-dsym";
				ENABLE_NS_ASSERTIONS = NO;
				ENABLE_STRICT_OBJC_MSGSEND = YES;
				GCC_C_LANGUAGE_STANDARD = gnu99;
				GCC_NO_COMMON_BLOCKS = YES;
				GCC_WARN_64_TO_32_BIT_CONVERSION = YES;
				GCC_WARN_ABOUT_RETURN_TYPE = YES_ERROR;
				GCC_WARN_UNDECLARED_SELECTOR = YES;
				GCC_WARN_UNINITIALIZED_AUTOS = YES_AGGRESSIVE;
				GCC_WARN_UNUSED_FUNCTION = YES;
				GCC_WARN_UNUSED_VARIABLE = YES;
				IPHONEOS_DEPLOYMENT_TARGET = 10.3;
				MTL_ENABLE_DEBUG_INFO = NO;
				SDKROOT = iphoneos;
				SWIFT_OPTIMIZATION_LEVEL = "-Owholemodule";
				TARGETED_DEVICE_FAMILY = "1,2";
				VALIDATE_PRODUCT = YES;
			};
			name = Release;
		};
		B041F78C1EF899F500A3E332 /* Debug */ = {
			isa = XCBuildConfiguration;
			buildSettings = {
				ASSETCATALOG_COMPILER_APPICON_NAME = AppIcon;
				DEVELOPMENT_TEAM = 2733C6P24Y;
				INFOPLIST_FILE = Gifty/Info.plist;
				LD_RUNPATH_SEARCH_PATHS = "$(inherited) @executable_path/Frameworks";
				PRODUCT_BUNDLE_IDENTIFIER = com.tapp.timbeals.Gifty;
				PRODUCT_NAME = "$(TARGET_NAME)";
				SWIFT_VERSION = 3.0;
			};
			name = Debug;
		};
		B041F78D1EF899F500A3E332 /* Release */ = {
			isa = XCBuildConfiguration;
			buildSettings = {
				ASSETCATALOG_COMPILER_APPICON_NAME = AppIcon;
				DEVELOPMENT_TEAM = 2733C6P24Y;
				INFOPLIST_FILE = Gifty/Info.plist;
				LD_RUNPATH_SEARCH_PATHS = "$(inherited) @executable_path/Frameworks";
				PRODUCT_BUNDLE_IDENTIFIER = com.tapp.timbeals.Gifty;
				PRODUCT_NAME = "$(TARGET_NAME)";
				SWIFT_VERSION = 3.0;
			};
			name = Release;
		};
		B041F78F1EF899F500A3E332 /* Debug */ = {
			isa = XCBuildConfiguration;
			buildSettings = {
				ALWAYS_EMBED_SWIFT_STANDARD_LIBRARIES = YES;
				BUNDLE_LOADER = "$(TEST_HOST)";
				DEVELOPMENT_TEAM = 2733C6P24Y;
				INFOPLIST_FILE = GiftyTests/Info.plist;
				LD_RUNPATH_SEARCH_PATHS = "$(inherited) @executable_path/Frameworks @loader_path/Frameworks";
				PRODUCT_BUNDLE_IDENTIFIER = com.tapp.timbeals.GiftyTests;
				PRODUCT_NAME = "$(TARGET_NAME)";
				SWIFT_VERSION = 3.0;
				TEST_HOST = "$(BUILT_PRODUCTS_DIR)/Gifty.app/Gifty";
			};
			name = Debug;
		};
		B041F7901EF899F500A3E332 /* Release */ = {
			isa = XCBuildConfiguration;
			buildSettings = {
				ALWAYS_EMBED_SWIFT_STANDARD_LIBRARIES = YES;
				BUNDLE_LOADER = "$(TEST_HOST)";
				DEVELOPMENT_TEAM = 2733C6P24Y;
				INFOPLIST_FILE = GiftyTests/Info.plist;
				LD_RUNPATH_SEARCH_PATHS = "$(inherited) @executable_path/Frameworks @loader_path/Frameworks";
				PRODUCT_BUNDLE_IDENTIFIER = com.tapp.timbeals.GiftyTests;
				PRODUCT_NAME = "$(TARGET_NAME)";
				SWIFT_VERSION = 3.0;
				TEST_HOST = "$(BUILT_PRODUCTS_DIR)/Gifty.app/Gifty";
			};
			name = Release;
		};
		B041F7921EF899F500A3E332 /* Debug */ = {
			isa = XCBuildConfiguration;
			buildSettings = {
				ALWAYS_EMBED_SWIFT_STANDARD_LIBRARIES = YES;
				DEVELOPMENT_TEAM = 2733C6P24Y;
				INFOPLIST_FILE = GiftyUITests/Info.plist;
				LD_RUNPATH_SEARCH_PATHS = "$(inherited) @executable_path/Frameworks @loader_path/Frameworks";
				PRODUCT_BUNDLE_IDENTIFIER = com.tapp.timbeals.GiftyUITests;
				PRODUCT_NAME = "$(TARGET_NAME)";
				SWIFT_VERSION = 3.0;
				TEST_TARGET_NAME = Gifty;
			};
			name = Debug;
		};
		B041F7931EF899F500A3E332 /* Release */ = {
			isa = XCBuildConfiguration;
			buildSettings = {
				ALWAYS_EMBED_SWIFT_STANDARD_LIBRARIES = YES;
				DEVELOPMENT_TEAM = 2733C6P24Y;
				INFOPLIST_FILE = GiftyUITests/Info.plist;
				LD_RUNPATH_SEARCH_PATHS = "$(inherited) @executable_path/Frameworks @loader_path/Frameworks";
				PRODUCT_BUNDLE_IDENTIFIER = com.tapp.timbeals.GiftyUITests;
				PRODUCT_NAME = "$(TARGET_NAME)";
				SWIFT_VERSION = 3.0;
				TEST_TARGET_NAME = Gifty;
			};
			name = Release;
		};
/* End XCBuildConfiguration section */

/* Begin XCConfigurationList section */
		B041F75E1EF899F500A3E332 /* Build configuration list for PBXProject "Gifty" */ = {
			isa = XCConfigurationList;
			buildConfigurations = (
				B041F7891EF899F500A3E332 /* Debug */,
				B041F78A1EF899F500A3E332 /* Release */,
			);
			defaultConfigurationIsVisible = 0;
			defaultConfigurationName = Release;
		};
		B041F78B1EF899F500A3E332 /* Build configuration list for PBXNativeTarget "Gifty" */ = {
			isa = XCConfigurationList;
			buildConfigurations = (
				B041F78C1EF899F500A3E332 /* Debug */,
				B041F78D1EF899F500A3E332 /* Release */,
			);
			defaultConfigurationIsVisible = 0;
		};
		B041F78E1EF899F500A3E332 /* Build configuration list for PBXNativeTarget "GiftyTests" */ = {
			isa = XCConfigurationList;
			buildConfigurations = (
				B041F78F1EF899F500A3E332 /* Debug */,
				B041F7901EF899F500A3E332 /* Release */,
			);
			defaultConfigurationIsVisible = 0;
		};
		B041F7911EF899F500A3E332 /* Build configuration list for PBXNativeTarget "GiftyUITests" */ = {
			isa = XCConfigurationList;
			buildConfigurations = (
				B041F7921EF899F500A3E332 /* Debug */,
				B041F7931EF899F500A3E332 /* Release */,
			);
			defaultConfigurationIsVisible = 0;
		};
/* End XCConfigurationList section */
	};
	rootObject = B041F75B1EF899F500A3E332 /* Project object */;
}
